
Microsoft Visual Studio Solution File, Format Version 12.00
# Visual Studio Version 17
VisualStudioVersion = 17.2.32616.157
MinimumVisualStudioVersion = 10.0.40219.1
Project("{9A19103F-16F7-4668-BE54-9A1E7A4F7556}") = "PrimeiroProgramaCSharpDoCurso", "PrimeiroProgramaCSharpDoCurso\PrimeiroProgramaCSharpDoCurso.csproj", "{E2B6313C-B242-4A87-856A-CAC2C2A2F02C}"
EndProject
Project("{9A19103F-16F7-4668-BE54-9A1E7A4F7556}") = "00_Course", "00_Course\00_Course.csproj", "{ACA18AE9-F945-4B84-828E-540E6EEFE87B}"
EndProject
Project("{9A19103F-16F7-4668-BE54-9A1E7A4F7556}") = "SaidaDeDados", "SaidaDeDados\SaidaDeDados.csproj", "{6C49224B-22EB-4C14-9FA5-BA73D75F9C40}"
EndProject
Project("{9A19103F-16F7-4668-BE54-9A1E7A4F7556}") = "Exercicios", "Exercicios\Exercicios.csproj", "{0A26A66F-23F0-4D2C-8D78-77066577F990}"
EndProject
Project("{9A19103F-16F7-4668-BE54-9A1E7A4F7556}") = "EqucaoDoSegundoGrau", "EqucaoDoSegundoGrau\EqucaoDoSegundoGrau.csproj", "{531BAEFA-EEFB-468C-BFE3-7CFCB97DAD07}"
EndProject
Project("{9A19103F-16F7-4668-BE54-9A1E7A4F7556}") = "PraticandoComVetor", "PraticandoComVetor\PraticandoComVetor.csproj", "{E40858AF-B141-4B53-999E-8AC30286D65D}"
EndProject
Project("{9A19103F-16F7-4668-BE54-9A1E7A4F7556}") = "ExerciciosPropostos_02", "ExerciciosPropostos_02\ExerciciosPropostos_02.csproj", "{B346E1F8-3FD6-475B-A133-3E46EE5B106A}"
EndProject
Project("{9A19103F-16F7-4668-BE54-9A1E7A4F7556}") = "Funcao", "Funcao\Funcao.csproj", "{A94AB6A0-DDDD-43A5-AAF3-AF3914496B44}"
EndProject
Project("{9A19103F-16F7-4668-BE54-9A1E7A4F7556}") = "Triangulo", "Triangulo\Triangulo.csproj", "{842202EE-2716-4102-BB85-2743CEF8C7B8}"
EndProject
Project("{9A19103F-16F7-4668-BE54-9A1E7A4F7556}") = "Triangulo_2", "Triangulo_2\Triangulo_2.csproj", "{292DA613-3F64-4ACE-AA9A-BCB5792076B7}"
EndProject
Project("{9A19103F-16F7-4668-BE54-9A1E7A4F7556}") = "TestandoRetorn", "TestandoRetorn\TestandoRetorn.csproj", "{5188EE75-32F4-4676-8107-077CE9553807}"
EndProject
Project("{FAE04EC0-301F-11D3-BF4B-00C04F79EFBC}") = "Triangulo_03", "Triangulo_03\Triangulo_03.csproj", "{318E7045-1BFA-4AAC-9E72-CFAE1E8F81A8}"
EndProject
Project("{FAE04EC0-301F-11D3-BF4B-00C04F79EFBC}") = "Exercicio_01", "Exercicio_01\Exercicio_01.csproj", "{04E7FAF0-8FDA-4528-B077-4D31B8B7D244}"
EndProject
Project("{FAE04EC0-301F-11D3-BF4B-00C04F79EFBC}") = "Exercicio_02", "Exercicio_02\Exercicio_02.csproj", "{F62E8916-AC38-480D-9900-F5B1E793EB51}"
EndProject
Global
	GlobalSection(SolutionConfigurationPlatforms) = preSolution
		Debug|Any CPU = Debug|Any CPU
		Release|Any CPU = Release|Any CPU
	EndGlobalSection
	GlobalSection(ProjectConfigurationPlatforms) = postSolution
		{E2B6313C-B242-4A87-856A-CAC2C2A2F02C}.Debug|Any CPU.ActiveCfg = Debug|Any CPU
		{E2B6313C-B242-4A87-856A-CAC2C2A2F02C}.Debug|Any CPU.Build.0 = Debug|Any CPU
		{E2B6313C-B242-4A87-856A-CAC2C2A2F02C}.Release|Any CPU.ActiveCfg = Release|Any CPU
		{E2B6313C-B242-4A87-856A-CAC2C2A2F02C}.Release|Any CPU.Build.0 = Release|Any CPU
		{ACA18AE9-F945-4B84-828E-540E6EEFE87B}.Debug|Any CPU.ActiveCfg = Debug|Any CPU
		{ACA18AE9-F945-4B84-828E-540E6EEFE87B}.Debug|Any CPU.Build.0 = Debug|Any CPU
		{ACA18AE9-F945-4B84-828E-540E6EEFE87B}.Release|Any CPU.ActiveCfg = Release|Any CPU
		{ACA18AE9-F945-4B84-828E-540E6EEFE87B}.Release|Any CPU.Build.0 = Release|Any CPU
		{6C49224B-22EB-4C14-9FA5-BA73D75F9C40}.Debug|Any CPU.ActiveCfg = Debug|Any CPU
		{6C49224B-22EB-4C14-9FA5-BA73D75F9C40}.Debug|Any CPU.Build.0 = Debug|Any CPU
		{6C49224B-22EB-4C14-9FA5-BA73D75F9C40}.Release|Any CPU.ActiveCfg = Release|Any CPU
		{6C49224B-22EB-4C14-9FA5-BA73D75F9C40}.Release|Any CPU.Build.0 = Release|Any CPU
		{0A26A66F-23F0-4D2C-8D78-77066577F990}.Debug|Any CPU.ActiveCfg = Debug|Any CPU
		{0A26A66F-23F0-4D2C-8D78-77066577F990}.Debug|Any CPU.Build.0 = Debug|Any CPU
		{0A26A66F-23F0-4D2C-8D78-77066577F990}.Release|Any CPU.ActiveCfg = Release|Any CPU
		{0A26A66F-23F0-4D2C-8D78-77066577F990}.Release|Any CPU.Build.0 = Release|Any CPU
		{531BAEFA-EEFB-468C-BFE3-7CFCB97DAD07}.Debug|Any CPU.ActiveCfg = Debug|Any CPU
		{531BAEFA-EEFB-468C-BFE3-7CFCB97DAD07}.Debug|Any CPU.Build.0 = Debug|Any CPU
		{531BAEFA-EEFB-468C-BFE3-7CFCB97DAD07}.Release|Any CPU.ActiveCfg = Release|Any CPU
		{531BAEFA-EEFB-468C-BFE3-7CFCB97DAD07}.Release|Any CPU.Build.0 = Release|Any CPU
		{E40858AF-B141-4B53-999E-8AC30286D65D}.Debug|Any CPU.ActiveCfg = Debug|Any CPU
		{E40858AF-B141-4B53-999E-8AC30286D65D}.Debug|Any CPU.Build.0 = Debug|Any CPU
		{E40858AF-B141-4B53-999E-8AC30286D65D}.Release|Any CPU.ActiveCfg = Release|Any CPU
		{E40858AF-B141-4B53-999E-8AC30286D65D}.Release|Any CPU.Build.0 = Release|Any CPU
		{B346E1F8-3FD6-475B-A133-3E46EE5B106A}.Debug|Any CPU.ActiveCfg = Debug|Any CPU
		{B346E1F8-3FD6-475B-A133-3E46EE5B106A}.Debug|Any CPU.Build.0 = Debug|Any CPU
		{B346E1F8-3FD6-475B-A133-3E46EE5B106A}.Release|Any CPU.ActiveCfg = Release|Any CPU
		{B346E1F8-3FD6-475B-A133-3E46EE5B106A}.Release|Any CPU.Build.0 = Release|Any CPU
		{A94AB6A0-DDDD-43A5-AAF3-AF3914496B44}.Debug|Any CPU.ActiveCfg = Debug|Any CPU
		{A94AB6A0-DDDD-43A5-AAF3-AF3914496B44}.Debug|Any CPU.Build.0 = Debug|Any CPU
		{A94AB6A0-DDDD-43A5-AAF3-AF3914496B44}.Release|Any CPU.ActiveCfg = Release|Any CPU
		{A94AB6A0-DDDD-43A5-AAF3-AF3914496B44}.Release|Any CPU.Build.0 = Release|Any CPU
		{842202EE-2716-4102-BB85-2743CEF8C7B8}.Debug|Any CPU.ActiveCfg = Debug|Any CPU
		{842202EE-2716-4102-BB85-2743CEF8C7B8}.Debug|Any CPU.Build.0 = Debug|Any CPU
		{842202EE-2716-4102-BB85-2743CEF8C7B8}.Release|Any CPU.ActiveCfg = Release|Any CPU
		{842202EE-2716-4102-BB85-2743CEF8C7B8}.Release|Any CPU.Build.0 = Release|Any CPU
		{292DA613-3F64-4ACE-AA9A-BCB5792076B7}.Debug|Any CPU.ActiveCfg = Debug|Any CPU
		{292DA613-3F64-4ACE-AA9A-BCB5792076B7}.Debug|Any CPU.Build.0 = Debug|Any CPU
		{292DA613-3F64-4ACE-AA9A-BCB5792076B7}.Release|Any CPU.ActiveCfg = Release|Any CPU
		{292DA613-3F64-4ACE-AA9A-BCB5792076B7}.Release|Any CPU.Build.0 = Release|Any CPU
		{5188EE75-32F4-4676-8107-077CE9553807}.Debug|Any CPU.ActiveCfg = Debug|Any CPU
		{5188EE75-32F4-4676-8107-077CE9553807}.Debug|Any CPU.Build.0 = Debug|Any CPU
		{5188EE75-32F4-4676-8107-077CE9553807}.Release|Any CPU.ActiveCfg = Release|Any CPU
		{5188EE75-32F4-4676-8107-077CE9553807}.Release|Any CPU.Build.0 = Release|Any CPU
		{318E7045-1BFA-4AAC-9E72-CFAE1E8F81A8}.Debug|Any CPU.ActiveCfg = Debug|Any CPU
		{318E7045-1BFA-4AAC-9E72-CFAE1E8F81A8}.Debug|Any CPU.Build.0 = Debug|Any CPU
		{318E7045-1BFA-4AAC-9E72-CFAE1E8F81A8}.Release|Any CPU.ActiveCfg = Release|Any CPU
		{318E7045-1BFA-4AAC-9E72-CFAE1E8F81A8}.Release|Any CPU.Build.0 = Release|Any CPU
		{04E7FAF0-8FDA-4528-B077-4D31B8B7D244}.Debug|Any CPU.ActiveCfg = Debug|Any CPU
		{04E7FAF0-8FDA-4528-B077-4D31B8B7D244}.Debug|Any CPU.Build.0 = Debug|Any CPU
		{04E7FAF0-8FDA-4528-B077-4D31B8B7D244}.Release|Any CPU.ActiveCfg = Release|Any CPU
		{04E7FAF0-8FDA-4528-B077-4D31B8B7D244}.Release|Any CPU.Build.0 = Release|Any CPU
		{F62E8916-AC38-480D-9900-F5B1E793EB51}.Debug|Any CPU.ActiveCfg = Debug|Any CPU
		{F62E8916-AC38-480D-9900-F5B1E793EB51}.Debug|Any CPU.Build.0 = Debug|Any CPU
		{F62E8916-AC38-480D-9900-F5B1E793EB51}.Release|Any CPU.ActiveCfg = Release|Any CPU
		{F62E8916-AC38-480D-9900-F5B1E793EB51}.Release|Any CPU.Build.0 = Release|Any CPU
	EndGlobalSection
	GlobalSection(SolutionProperties) = preSolution
		HideSolutionNode = FALSE
	EndGlobalSection
	GlobalSection(ExtensibilityGlobals) = postSolution
		SolutionGuid = {507D8066-54BC-4A0E-8F75-6FE6EE63BBC9}
	EndGlobalSection
EndGlobal
