
Microsoft Visual Studio Solution File, Format Version 12.00
# Visual Studio Version 17
VisualStudioVersion = 17.2.32616.157
MinimumVisualStudioVersion = 10.0.40219.1
Project("{9A19103F-16F7-4668-BE54-9A1E7A4F7556}") = "PrimeiroProgramaCSharpDoCurso", "PrimeiroProgramaCSharpDoCurso\PrimeiroProgramaCSharpDoCurso.csproj", "{E2B6313C-B242-4A87-856A-CAC2C2A2F02C}"
EndProject
Project("{9A19103F-16F7-4668-BE54-9A1E7A4F7556}") = "00_Course", "00_Course\00_Course.csproj", "{ACA18AE9-F945-4B84-828E-540E6EEFE87B}"
EndProject
Project("{9A19103F-16F7-4668-BE54-9A1E7A4F7556}") = "SaidaDeDados", "SaidaDeDados\SaidaDeDados.csproj", "{6C49224B-22EB-4C14-9FA5-BA73D75F9C40}"
EndProject
Project("{9A19103F-16F7-4668-BE54-9A1E7A4F7556}") = "Exercicios", "Exercicios\Exercicios.csproj", "{0A26A66F-23F0-4D2C-8D78-77066577F990}"
EndProject
Project("{9A19103F-16F7-4668-BE54-9A1E7A4F7556}") = "EqucaoDoSegundoGrau", "EqucaoDoSegundoGrau\EqucaoDoSegundoGrau.csproj", "{531BAEFA-EEFB-468C-BFE3-7CFCB97DAD07}"
EndProject
Project("{9A19103F-16F7-4668-BE54-9A1E7A4F7556}") = "PraticandoComVetor", "PraticandoComVetor\PraticandoComVetor.csproj", "{E40858AF-B141-4B53-999E-8AC30286D65D}"
EndProject
Project("{9A19103F-16F7-4668-BE54-9A1E7A4F7556}") = "ExerciciosPropostos_02", "ExerciciosPropostos_02\ExerciciosPropostos_02.csproj", "{B346E1F8-3FD6-475B-A133-3E46EE5B106A}"
EndProject
Project("{9A19103F-16F7-4668-BE54-9A1E7A4F7556}") = "Funcao", "Funcao\Funcao.csproj", "{A94AB6A0-DDDD-43A5-AAF3-AF3914496B44}"
EndProject
Project("{9A19103F-16F7-4668-BE54-9A1E7A4F7556}") = "Triangulo", "Triangulo\Triangulo.csproj", "{842202EE-2716-4102-BB85-2743CEF8C7B8}"
EndProject
Project("{9A19103F-16F7-4668-BE54-9A1E7A4F7556}") = "Triangulo_2", "Triangulo_2\Triangulo_2.csproj", "{292DA613-3F64-4ACE-AA9A-BCB5792076B7}"
EndProject
Project("{9A19103F-16F7-4668-BE54-9A1E7A4F7556}") = "TestandoRetorn", "TestandoRetorn\TestandoRetorn.csproj", "{5188EE75-32F4-4676-8107-077CE9553807}"
EndProject
Project("{9A19103F-16F7-4668-BE54-9A1E7A4F7556}") = "Triangulo_03", "Triangulo_03\Triangulo_03.csproj", "{318E7045-1BFA-4AAC-9E72-CFAE1E8F81A8}"
EndProject
Project("{9A19103F-16F7-4668-BE54-9A1E7A4F7556}") = "Exercicio_01", "Exercicio_01\Exercicio_01.csproj", "{04E7FAF0-8FDA-4528-B077-4D31B8B7D244}"
EndProject
Project("{9A19103F-16F7-4668-BE54-9A1E7A4F7556}") = "Exercicio_02", "Exercicio_02\Exercicio_02.csproj", "{F62E8916-AC38-480D-9900-F5B1E793EB51}"
EndProject
Project("{9A19103F-16F7-4668-BE54-9A1E7A4F7556}") = "Traingulo_04", "Traingulo_04\Traingulo_04.csproj", "{4557614F-D078-4DEF-99F6-6873FDE516E8}"
EndProject
Project("{9A19103F-16F7-4668-BE54-9A1E7A4F7556}") = "ProdutosEmEstoque", "ProdutosEmEstoque\ProdutosEmEstoque.csproj", "{03CC519A-DDDF-45E6-9174-3AD864DA932F}"
EndProject
Project("{9A19103F-16F7-4668-BE54-9A1E7A4F7556}") = "Exercicio_03", "Exercicio_03\Exercicio_03.csproj", "{6DBBEB5E-FBBA-489E-B688-1E3A4BEF4E9C}"
EndProject
Project("{9A19103F-16F7-4668-BE54-9A1E7A4F7556}") = "Exercicio_04", "Exercicio_04\Exercicio_04.csproj", "{FFBACFB4-984D-4D77-8533-3986797EF84A}"
EndProject
Project("{9A19103F-16F7-4668-BE54-9A1E7A4F7556}") = "Exercicio_05", "Exercicio_05\Exercicio_05.csproj", "{AB2A26D4-214B-48AB-B730-9F6E8D86F5B0}"
EndProject
Project("{9A19103F-16F7-4668-BE54-9A1E7A4F7556}") = "ConsoleApp2", "ConsoleApp2\ConsoleApp2.csproj", "{07A0CC6E-68E3-4D56-9BB7-94349F436CB5}"
EndProject
Project("{9A19103F-16F7-4668-BE54-9A1E7A4F7556}") = "MembrosEstaticos", "MembrosEstaticos\MembrosEstaticos.csproj", "{F7745ED3-52CD-457F-84B5-9C67BFC75438}"
EndProject
Project("{9A19103F-16F7-4668-BE54-9A1E7A4F7556}") = "Exercicio_06", "Exercicio_06\Exercicio_06.csproj", "{7CBFC47A-CDAA-49DA-A564-636BCDEA9003}"
EndProject
Project("{9A19103F-16F7-4668-BE54-9A1E7A4F7556}") = "ClasseEstatica", "ClasseEstatica\ClasseEstatica.csproj", "{DFE04D90-564B-4F7B-B0E4-6508CD83A843}"
EndProject
Project("{9A19103F-16F7-4668-BE54-9A1E7A4F7556}") = "ClasseEstatica2", "ClasseEstatica2\ClasseEstatica2.csproj", "{0554462C-502C-4AD4-B17D-4684E19BD940}"
EndProject
Project("{9A19103F-16F7-4668-BE54-9A1E7A4F7556}") = "Exercicio_07", "Exercicio_07\Exercicio_07.csproj", "{5F37E7B1-7957-4DED-B497-D36597AC9DD5}"
EndProject
Project("{9A19103F-16F7-4668-BE54-9A1E7A4F7556}") = "Exercicio_08", "Exercicio_08\Exercicio_08.csproj", "{CB3CA8A0-E906-4795-BAB2-E93CD2BFF796}"
EndProject
Project("{9A19103F-16F7-4668-BE54-9A1E7A4F7556}") = "Construtores", "Construtores\Construtores.csproj", "{63692FAB-E296-4745-9926-4AB98FA2997F}"
EndProject
Project("{9A19103F-16F7-4668-BE54-9A1E7A4F7556}") = "Exercicio_09", "Exercicio_09\Exercicio_09.csproj", "{1D591FC5-3D9D-4A14-9D78-CD0823C3B7A9}"
EndProject
Project("{9A19103F-16F7-4668-BE54-9A1E7A4F7556}") = "Exercicio_10", "Exercicio_10\Exercicio_10.csproj", "{E5EF7B2B-A91A-4176-A5E0-4AA5627CC05F}"
EndProject
Project("{9A19103F-16F7-4668-BE54-9A1E7A4F7556}") = "Exercicio_11", "Exercicio_11\Exercicio_11.csproj", "{679D8A9C-F4F9-45FB-A5E3-8BF7D2A7B5EC}"
EndProject
Project("{9A19103F-16F7-4668-BE54-9A1E7A4F7556}") = "Exercicio_12", "Exercicio_12\Exercicio_12.csproj", "{12B8B071-3EC4-4BCE-A7B7-5C84B669A9A4}"
EndProject
Project("{9A19103F-16F7-4668-BE54-9A1E7A4F7556}") = "SintaxeEspecialDeInstaciacaoDeClasse", "SintaxeEspecialDeInstaciacaoDeClasse\SintaxeEspecialDeInstaciacaoDeClasse.csproj", "{2B0B48B5-857A-48E1-B133-E170781AE76D}"
EndProject
Project("{9A19103F-16F7-4668-BE54-9A1E7A4F7556}") = "PalavraReservadaThis", "PalavraReservadaThis\PalavraReservadaThis.csproj", "{7DA7C713-876E-4083-B737-2CC8F93BCBAD}"
EndProject
Project("{9A19103F-16F7-4668-BE54-9A1E7A4F7556}") = "Encapsulamento", "Encapsulamento\Encapsulamento.csproj", "{A5B46728-2D0C-47B6-B13A-4C4AE7EB121C}"
EndProject
Project("{9A19103F-16F7-4668-BE54-9A1E7A4F7556}") = "Exercicio_13", "Exercicio_13\Exercicio_13.csproj", "{993D9DD7-2963-40F4-8407-320B7029780F}"
EndProject
Project("{9A19103F-16F7-4668-BE54-9A1E7A4F7556}") = "Exercicio_14", "Exercicio_14\Exercicio_14.csproj", "{7955B447-22BA-4976-AFDD-BE84D3A11CEC}"
EndProject
Project("{9A19103F-16F7-4668-BE54-9A1E7A4F7556}") = "Exercicio_15", "Exercicio_15\Exercicio_15.csproj", "{F7837006-5F5A-451A-B26E-37AD6DC2E296}"
EndProject
Project("{9A19103F-16F7-4668-BE54-9A1E7A4F7556}") = "Exercicio_16", "Exercicio_16\Exercicio_16.csproj", "{AB445E15-0751-41EF-954B-48CAF777E647}"
EndProject
Project("{9A19103F-16F7-4668-BE54-9A1E7A4F7556}") = "Exercicio_17", "Exercicio_17\Exercicio_17.csproj", "{B48DB715-E833-4E11-98BC-36AFAB323DF1}"
EndProject
Project("{9A19103F-16F7-4668-BE54-9A1E7A4F7556}") = "Exercicio_18", "Exercicio_18\Exercicio_18.csproj", "{1C0BD052-90C5-4E82-8CD2-DDA74AEF3088}"
EndProject
Project("{9A19103F-16F7-4668-BE54-9A1E7A4F7556}") = "Exercicio_19", "Exercicio_19\Exercicio_19.csproj", "{59555172-E023-4BDC-A2A5-90494E0497EA}"
EndProject
Project("{9A19103F-16F7-4668-BE54-9A1E7A4F7556}") = "Exercicio_20", "Exercicio_20\Exercicio_20.csproj", "{EFF427E2-EEC8-4F14-A00F-99D5D827A276}"
EndProject
Project("{9A19103F-16F7-4668-BE54-9A1E7A4F7556}") = "Exercicio_21", "Exercicio_21\Exercicio_21.csproj", "{A2C000A0-4A05-4956-B98A-289D52F3372E}"
EndProject
Project("{9A19103F-16F7-4668-BE54-9A1E7A4F7556}") = "ScrutcsV", "ScrutcsV\ScrutcsV.csproj", "{A6598B54-4805-4B49-91F2-CFA11BB541E5}"
EndProject
Project("{9A19103F-16F7-4668-BE54-9A1E7A4F7556}") = "ConsoleApp3", "ConsoleApp3\ConsoleApp3.csproj", "{DA79C395-636D-4BFE-9ED7-73D7A7F668A1}"
EndProject
Project("{9A19103F-16F7-4668-BE54-9A1E7A4F7556}") = "ConsoleApp4", "ConsoleApp4\ConsoleApp4.csproj", "{A75C6801-0BC7-46C1-B1D5-11F745ACD6DB}"
EndProject
Project("{9A19103F-16F7-4668-BE54-9A1E7A4F7556}") = "ValorNulo", "ValorNulo\ValorNulo.csproj", "{05E37D1F-647A-4064-BEAB-0B70E98EE243}"
EndProject
Project("{9A19103F-16F7-4668-BE54-9A1E7A4F7556}") = "Exercicio_22", "Exercicio_22\Exercicio_22.csproj", "{278337A4-B2E1-40F8-A514-110EDEE9866A}"
EndProject
Project("{9A19103F-16F7-4668-BE54-9A1E7A4F7556}") = "MetodoDeEstensao", "MetodoDeEstensao\MetodoDeEstensao.csproj", "{7A3A8130-E435-4674-B142-807BA783FA98}"
EndProject
Project("{9A19103F-16F7-4668-BE54-9A1E7A4F7556}") = "ConsoleApp5", "ConsoleApp5\ConsoleApp5.csproj", "{B958132B-C73E-4C82-800F-A22268A0062F}"
EndProject
Project("{9A19103F-16F7-4668-BE54-9A1E7A4F7556}") = "Exercicio_23", "Exercicio_23\Exercicio_23.csproj", "{90489142-27C5-47E9-A961-36B61215D8AC}"
EndProject
Project("{9A19103F-16F7-4668-BE54-9A1E7A4F7556}") = "Exercicio_24", "Exercicio_24\Exercicio_24.csproj", "{882D2C6B-8369-44FC-89CB-D3F4A7089B91}"
EndProject
Project("{9A19103F-16F7-4668-BE54-9A1E7A4F7556}") = "Exercicio_25", "Exercicio_25\Exercicio_25.csproj", "{5562A158-3783-44F9-94C1-C88CB5528ADD}"
EndProject
Project("{9A19103F-16F7-4668-BE54-9A1E7A4F7556}") = "Exercicio_26", "Exercicio_26\Exercicio_26.csproj", "{851B4005-3957-4DFD-9688-A3DFDD380A7E}"
EndProject
Project("{9A19103F-16F7-4668-BE54-9A1E7A4F7556}") = "RevisaoNullable", "RevisaoNullable\RevisaoNullable.csproj", "{818B1686-85AE-40DD-8888-CBD9884C1E95}"
EndProject
Project("{9A19103F-16F7-4668-BE54-9A1E7A4F7556}") = "Exercicio_27", "Exercicio_27\Exercicio_27.csproj", "{B644E8CF-B7D5-4C77-ADC8-2A4C894EA575}"
EndProject
Project("{9A19103F-16F7-4668-BE54-9A1E7A4F7556}") = "Exercicio_28", "Exercicio_28\Exercicio_28.csproj", "{C5A5923F-36FE-4CFF-92E4-D4E747D97DFB}"
EndProject
Project("{9A19103F-16F7-4668-BE54-9A1E7A4F7556}") = "Exercicio_29", "Exercicio_29\Exercicio_29.csproj", "{2BB8118D-2015-4E63-AD65-15B11155CC09}"
EndProject
Project("{9A19103F-16F7-4668-BE54-9A1E7A4F7556}") = "Exercicio_30", "Exercicio_30\Exercicio_30.csproj", "{A113D4F3-72AA-4457-BD2F-16D60C7F0156}"
EndProject
Project("{9A19103F-16F7-4668-BE54-9A1E7A4F7556}") = "MetodoDeExtensao", "MetodoDeExtensao\MetodoDeExtensao.csproj", "{531A30E7-44CA-4E58-9C11-91BCA0BBADC3}"
EndProject
Project("{9A19103F-16F7-4668-BE54-9A1E7A4F7556}") = "RevisaoMetodoDeExtensao", "RevisaoMetodoDeExtensao\RevisaoMetodoDeExtensao.csproj", "{344FE43A-CDE2-4020-9473-AB4E41FA12C0}"
EndProject
Project("{9A19103F-16F7-4668-BE54-9A1E7A4F7556}") = "RevisaoMetodoDeExtensao_2", "RevisaoMetodoDeExtensao_2\RevisaoMetodoDeExtensao_2.csproj", "{1C5EA11D-E7A1-45D2-BD9E-20370747BB19}"
EndProject
Project("{9A19103F-16F7-4668-BE54-9A1E7A4F7556}") = "Exercicio_31", "Exercicio_31\Exercicio_31.csproj", "{1947F5D8-7CCE-4240-B586-61EEAF4F6F5C}"
EndProject
Project("{9A19103F-16F7-4668-BE54-9A1E7A4F7556}") = "Exercicio_32", "Exercicio_32\Exercicio_32.csproj", "{94D274BE-1074-4286-AA8E-C2C602B90107}"
EndProject
Project("{9A19103F-16F7-4668-BE54-9A1E7A4F7556}") = "Exercicio_33", "Exercicio_33\Exercicio_33.csproj", "{C4A24741-10BF-43C1-B59E-606942DB54A2}"
EndProject
Project("{9A19103F-16F7-4668-BE54-9A1E7A4F7556}") = "Exercicio_34", "Exercicio_34\Exercicio_34.csproj", "{D72268BD-5A96-4D32-946E-AB04700A945E}"
EndProject
Project("{9A19103F-16F7-4668-BE54-9A1E7A4F7556}") = "RevisaoMetodoDeExtensao_3", "RevisaoMetodoDeExtensao_3\RevisaoMetodoDeExtensao_3.csproj", "{52A17E56-4BDC-40D5-BBF2-C2E842925717}"
EndProject
Project("{9A19103F-16F7-4668-BE54-9A1E7A4F7556}") = "Exercicio_35", "Exercicio_35\Exercicio_35.csproj", "{38A352B9-4A25-46C5-BB76-92BC608CC20F}"
EndProject
Project("{9A19103F-16F7-4668-BE54-9A1E7A4F7556}") = "Exercicio_36", "Exercicio_36\Exercicio_36.csproj", "{6FF1D5A0-C794-4218-9424-38FD111058EF}"
EndProject
Project("{9A19103F-16F7-4668-BE54-9A1E7A4F7556}") = "Exercicio_37", "Exercicio_37\Exercicio_37.csproj", "{8316BB6D-5EB7-41EF-8836-BDA3057DE02A}"
EndProject
Project("{9A19103F-16F7-4668-BE54-9A1E7A4F7556}") = "Exercicio_38", "Exercicio_38\Exercicio_38.csproj", "{2C6A03C6-FF1C-4CB3-B0A5-AFE1F609CC90}"
EndProject
Project("{9A19103F-16F7-4668-BE54-9A1E7A4F7556}") = "Entendo_Vetores", "Entendo_Vetores\Entendo_Vetores.csproj", "{F7577B21-3673-4B0D-82AD-0A7B0F702A8D}"
EndProject
Project("{9A19103F-16F7-4668-BE54-9A1E7A4F7556}") = "Revisando_Vetores_01", "Revisando_Vetores_01\Revisando_Vetores_01.csproj", "{812C82FE-7AE8-4287-A7E6-3FF9CADF6496}"
EndProject
Project("{9A19103F-16F7-4668-BE54-9A1E7A4F7556}") = "Revisao_Vetores_02", "Revisao_Vetores_02\Revisao_Vetores_02.csproj", "{F3E0EA88-6F30-4728-AB3B-B48F02038961}"
EndProject
Project("{9A19103F-16F7-4668-BE54-9A1E7A4F7556}") = "Exercicio_39", "Exercicio_39\Exercicio_39.csproj", "{0A0CCF99-ED01-4FD2-9CEE-6B4CA1C6D22A}"
EndProject
Project("{9A19103F-16F7-4668-BE54-9A1E7A4F7556}") = "Entendendo_Params", "Entendendo_Params\Entendendo_Params.csproj", "{0C0AF5F0-695D-4EA3-822C-5FFEAE019225}"
EndProject
Project("{9A19103F-16F7-4668-BE54-9A1E7A4F7556}") = "Entendendo_Ref", "Entendendo_Ref\Entendendo_Ref.csproj", "{76C5B5C0-F4A9-4A49-9468-63343729AA72}"
EndProject
Project("{9A19103F-16F7-4668-BE54-9A1E7A4F7556}") = "Entendo_Boxing_E_Unboxing", "Entendo_Boxing_E_Unboxing\Entendo_Boxing_E_Unboxing.csproj", "{5E7B3743-0B55-440E-A424-8376E6F01129}"
EndProject
Project("{9A19103F-16F7-4668-BE54-9A1E7A4F7556}") = "Entendendo_Foreach", "Entendendo_Foreach\Entendendo_Foreach.csproj", "{8C18DFA2-28AD-473E-9D9F-CA5CCA191194}"
EndProject
Project("{9A19103F-16F7-4668-BE54-9A1E7A4F7556}") = "Exercicio_40", "Exercicio_40\Exercicio_40.csproj", "{7F4784A1-89E8-4848-BEB0-3533A0FE41B9}"
EndProject
Project("{9A19103F-16F7-4668-BE54-9A1E7A4F7556}") = "Revisando_Params", "Revisando_Params\Revisando_Params.csproj", "{B338739B-F212-44B6-8A48-276BC5A71B0D}"
EndProject
Project("{9A19103F-16F7-4668-BE54-9A1E7A4F7556}") = "Exercicio_41", "Exercicio_41\Exercicio_41.csproj", "{0E87CF3F-336A-443A-9B52-AB3A23979B1C}"
EndProject
Project("{9A19103F-16F7-4668-BE54-9A1E7A4F7556}") = "Exercicio_42", "Exercicio_42\Exercicio_42.csproj", "{69390D29-E482-42BC-9A0B-D82345635096}"
EndProject
Project("{9A19103F-16F7-4668-BE54-9A1E7A4F7556}") = "PraticandoCom_Listas", "PraticandoCom_Listas\PraticandoCom_Listas.csproj", "{F227941D-3BFD-4863-A880-F8B550EC205B}"
EndProject
Project("{9A19103F-16F7-4668-BE54-9A1E7A4F7556}") = "Exercicio_43", "Exercicio_43\Exercicio_43.csproj", "{A775F98B-8A7F-4232-8450-FD395C654544}"
EndProject
Project("{9A19103F-16F7-4668-BE54-9A1E7A4F7556}") = "Matriz", "Matriz\Matriz.csproj", "{EA6871C5-768A-4BD0-9A9C-9220DEC87176}"
EndProject
Project("{9A19103F-16F7-4668-BE54-9A1E7A4F7556}") = "Exercicio_44", "Exercicio_44\Exercicio_44.csproj", "{312A7A32-D28B-4069-B1A2-232E9CA3BFC1}"
EndProject
Project("{9A19103F-16F7-4668-BE54-9A1E7A4F7556}") = "Revisando_Arrays", "Revisando_Arrays\Revisando_Arrays.csproj", "{45446212-33D0-46BC-BF45-F95D33A6DF8E}"
EndProject
Project("{9A19103F-16F7-4668-BE54-9A1E7A4F7556}") = "Exercicio_45", "Exercicio_45\Exercicio_45.csproj", "{5AF6FB62-A78B-4100-88AF-C082ABC0F0FD}"
EndProject
Project("{9A19103F-16F7-4668-BE54-9A1E7A4F7556}") = "Exercicio_46", "Exercicio_46\Exercicio_46.csproj", "{ACC972DC-33FE-4388-B966-EBEABC5440C8}"
EndProject
Project("{9A19103F-16F7-4668-BE54-9A1E7A4F7556}") = "Exercicio_47", "Exercicio_47\Exercicio_47.csproj", "{1A13D463-50DF-45FC-8210-910A79238808}"
EndProject
Project("{9A19103F-16F7-4668-BE54-9A1E7A4F7556}") = "Exercicio_48", "Exercicio_48\Exercicio_48.csproj", "{CABA7FD6-D881-4DB9-9D42-03BC409F308A}"
EndProject
Project("{9A19103F-16F7-4668-BE54-9A1E7A4F7556}") = "Exercicio_49", "Exercicio_49\Exercicio_49.csproj", "{95C78C9E-8B8C-41A7-928D-E72AE839AB7A}"
EndProject
Project("{9A19103F-16F7-4668-BE54-9A1E7A4F7556}") = "Exercicio_50", "Exercicio_50\Exercicio_50.csproj", "{5D54FB29-42C5-4F79-8440-CB7CFEB9A8B5}"
EndProject
Project("{9A19103F-16F7-4668-BE54-9A1E7A4F7556}") = "Inferencia_de_tipo", "Inferencia_de_tipo\Inferencia_de_tipo.csproj", "{D0B204A3-03E9-4A7E-A753-0B125E9BCBE9}"
EndProject
Project("{9A19103F-16F7-4668-BE54-9A1E7A4F7556}") = "Metodos_String", "Metodos_String\Metodos_String.csproj", "{FBAE96AF-FE7D-4910-91C5-4666DA9A401A}"
EndProject
Project("{9A19103F-16F7-4668-BE54-9A1E7A4F7556}") = "Entendento_DateTime", "Entendento_DateTime\Entendento_DateTime.csproj", "{36BF75DD-38FC-4CE5-90C7-E4D19BC223B2}"
EndProject
Project("{9A19103F-16F7-4668-BE54-9A1E7A4F7556}") = "Entendendo_TimeSpan", "Entendendo_TimeSpan\Entendendo_TimeSpan.csproj", "{5B1D1245-8A01-4CA5-B0F4-29B07AC99036}"
EndProject
Project("{9A19103F-16F7-4668-BE54-9A1E7A4F7556}") = "Entendendo_Enumeracoes", "Entendendo_Enumeracoes\Entendendo_Enumeracoes.csproj", "{8327BF47-B977-42E6-9E78-D4AB73DE9B00}"
EndProject
Project("{9A19103F-16F7-4668-BE54-9A1E7A4F7556}") = "Revisando_Enums", "Revisando_Enums\Revisando_Enums.csproj", "{78CC9347-E933-4709-95BB-254241283DAC}"
EndProject
Project("{9A19103F-16F7-4668-BE54-9A1E7A4F7556}") = "Revisando_Arrays_2", "Revisando_Arrays_2\Revisando_Arrays_2.csproj", "{541E3B24-63CD-47BF-8698-46AF1865D6C3}"
EndProject
Project("{9A19103F-16F7-4668-BE54-9A1E7A4F7556}") = "Exercicio_51", "Exercicio_51\Exercicio_51.csproj", "{7D7A7C4F-D9E3-4EB3-9269-4EA40F8374CB}"
EndProject
Project("{9A19103F-16F7-4668-BE54-9A1E7A4F7556}") = "Exercicio_52", "Exercicio_52\Exercicio_52.csproj", "{48CDC509-DD7C-4433-AF97-C5F250CF3B22}"
EndProject
Project("{9A19103F-16F7-4668-BE54-9A1E7A4F7556}") = "Exercicio_53", "Exercicio_53\Exercicio_53.csproj", "{B4EE1C2F-EE94-407B-97CC-ADB7E9083AC7}"
EndProject
Project("{9A19103F-16F7-4668-BE54-9A1E7A4F7556}") = "Exercicio_54", "Exercicio_54\Exercicio_54.csproj", "{2524C7B2-9034-4967-A515-0B01CA313297}"
EndProject
Project("{9A19103F-16F7-4668-BE54-9A1E7A4F7556}") = "Exercicio_55", "Exercicio_55\Exercicio_55.csproj", "{90EA8BD1-28C4-4A55-9739-59C1B41CE248}"
EndProject
Project("{9A19103F-16F7-4668-BE54-9A1E7A4F7556}") = "Exercicio_56", "Exercicio_56\Exercicio_56.csproj", "{275EFB4D-6312-441E-BD9B-7F1E91CCFEA1}"
EndProject
Project("{9A19103F-16F7-4668-BE54-9A1E7A4F7556}") = "Exercicio_57", "Exercicio_57\Exercicio_57.csproj", "{5AC40573-9973-415E-BB23-106C75027162}"
EndProject
Project("{9A19103F-16F7-4668-BE54-9A1E7A4F7556}") = "Revisando_Strings", "Revisando_Strings\Revisando_Strings.csproj", "{BC8A0845-757A-40AB-B682-2D3F4E629192}"
EndProject
Project("{9A19103F-16F7-4668-BE54-9A1E7A4F7556}") = "Exercicio_58", "Exercicio_58\Exercicio_58.csproj", "{EC01F345-A013-435F-BDC5-30FFC9F114B7}"
EndProject
Project("{9A19103F-16F7-4668-BE54-9A1E7A4F7556}") = "Exercicio_59", "Exercicio_59\Exercicio_59.csproj", "{F35087F9-B76A-4DC6-B9B6-877C2FF51BCB}"
EndProject
Project("{9A19103F-16F7-4668-BE54-9A1E7A4F7556}") = "Ententando_Heranca", "Ententando_Heranca\Ententando_Heranca.csproj", "{5E752E5F-4968-4A64-8AF7-7C5C974DC5BE}"
EndProject
Project("{9A19103F-16F7-4668-BE54-9A1E7A4F7556}") = "Exercicio_60", "Exercicio_60\Exercicio_60.csproj", "{A101F072-BB1A-4C99-BDE3-66ED95D190FE}"
EndProject
Project("{9A19103F-16F7-4668-BE54-9A1E7A4F7556}") = "Exercicio_61", "Exercicio_61\Exercicio_61.csproj", "{A17FF279-64AF-4535-A879-9C68BA63ABEB}"
EndProject
Project("{9A19103F-16F7-4668-BE54-9A1E7A4F7556}") = "Exercicio_62", "Exercicio_62\Exercicio_62.csproj", "{9D85BDAF-57C6-4B68-A392-02F529D5323A}"
EndProject
Project("{9A19103F-16F7-4668-BE54-9A1E7A4F7556}") = "Exercicio_63", "Exercicio_63\Exercicio_63.csproj", "{3934B6E6-C2B2-4D4E-97F5-F2D23FF540A8}"
EndProject
Project("{9A19103F-16F7-4668-BE54-9A1E7A4F7556}") = "Exercicio_64", "Exercicio_64\Exercicio_64.csproj", "{5F174C99-F5C7-47E4-9419-EA4C98F6E8F8}"
EndProject
Project("{9A19103F-16F7-4668-BE54-9A1E7A4F7556}") = "Exercicio_65", "Exercicio_65\Exercicio_65.csproj", "{59F693AB-A0EA-4BEB-AD0F-5E582773A284}"
EndProject
Project("{9A19103F-16F7-4668-BE54-9A1E7A4F7556}") = "Exercicio_67", "Exercicio_67\Exercicio_67.csproj", "{C162714A-84DD-411C-8DE8-BAC78AFBAD2C}"
EndProject
Project("{9A19103F-16F7-4668-BE54-9A1E7A4F7556}") = "Exercicio_68", "Exercicio_68\Exercicio_68.csproj", "{E5288FE0-4F1E-44E5-8007-A8CA8D6A5E8B}"
EndProject
Project("{9A19103F-16F7-4668-BE54-9A1E7A4F7556}") = "Exercicio_69", "Exercicio_69\Exercicio_69.csproj", "{F52D335D-8A6B-46CC-B1D6-4E1E75338748}"
EndProject
Project("{9A19103F-16F7-4668-BE54-9A1E7A4F7556}") = "Exercicio_70", "Exercicio_70\Exercicio_70.csproj", "{0914B00A-02A4-4B38-AD24-A8E6F8AA6E29}"
EndProject
Project("{9A19103F-16F7-4668-BE54-9A1E7A4F7556}") = "Exercicio_71", "Exercicio_71\Exercicio_71.csproj", "{030A045D-2518-4681-8ECB-E98F53243B1F}"
EndProject
Project("{9A19103F-16F7-4668-BE54-9A1E7A4F7556}") = "Exercicio_72", "Exercicio_72\Exercicio_72.csproj", "{E8A10B68-E302-4B90-A9CF-19C0588D2A33}"
EndProject
Project("{FAE04EC0-301F-11D3-BF4B-00C04F79EFBC}") = "Exercicio_73", "Exercicio_73\Exercicio_73.csproj", "{77AB69A6-62DC-47CA-9E02-371BF543CE0A}"
EndProject
Project("{FAE04EC0-301F-11D3-BF4B-00C04F79EFBC}") = "Exercício_74", "Exercício_74\Exercício_74.csproj", "{096837FE-6E7E-46E7-9F0F-0902DB9A96D5}"
EndProject
Global
	GlobalSection(SolutionConfigurationPlatforms) = preSolution
		Debug|Any CPU = Debug|Any CPU
		Release|Any CPU = Release|Any CPU
	EndGlobalSection
	GlobalSection(ProjectConfigurationPlatforms) = postSolution
		{E2B6313C-B242-4A87-856A-CAC2C2A2F02C}.Debug|Any CPU.ActiveCfg = Debug|Any CPU
		{E2B6313C-B242-4A87-856A-CAC2C2A2F02C}.Debug|Any CPU.Build.0 = Debug|Any CPU
		{E2B6313C-B242-4A87-856A-CAC2C2A2F02C}.Release|Any CPU.ActiveCfg = Release|Any CPU
		{E2B6313C-B242-4A87-856A-CAC2C2A2F02C}.Release|Any CPU.Build.0 = Release|Any CPU
		{ACA18AE9-F945-4B84-828E-540E6EEFE87B}.Debug|Any CPU.ActiveCfg = Debug|Any CPU
		{ACA18AE9-F945-4B84-828E-540E6EEFE87B}.Debug|Any CPU.Build.0 = Debug|Any CPU
		{ACA18AE9-F945-4B84-828E-540E6EEFE87B}.Release|Any CPU.ActiveCfg = Release|Any CPU
		{ACA18AE9-F945-4B84-828E-540E6EEFE87B}.Release|Any CPU.Build.0 = Release|Any CPU
		{6C49224B-22EB-4C14-9FA5-BA73D75F9C40}.Debug|Any CPU.ActiveCfg = Debug|Any CPU
		{6C49224B-22EB-4C14-9FA5-BA73D75F9C40}.Debug|Any CPU.Build.0 = Debug|Any CPU
		{6C49224B-22EB-4C14-9FA5-BA73D75F9C40}.Release|Any CPU.ActiveCfg = Release|Any CPU
		{6C49224B-22EB-4C14-9FA5-BA73D75F9C40}.Release|Any CPU.Build.0 = Release|Any CPU
		{0A26A66F-23F0-4D2C-8D78-77066577F990}.Debug|Any CPU.ActiveCfg = Debug|Any CPU
		{0A26A66F-23F0-4D2C-8D78-77066577F990}.Debug|Any CPU.Build.0 = Debug|Any CPU
		{0A26A66F-23F0-4D2C-8D78-77066577F990}.Release|Any CPU.ActiveCfg = Release|Any CPU
		{0A26A66F-23F0-4D2C-8D78-77066577F990}.Release|Any CPU.Build.0 = Release|Any CPU
		{531BAEFA-EEFB-468C-BFE3-7CFCB97DAD07}.Debug|Any CPU.ActiveCfg = Debug|Any CPU
		{531BAEFA-EEFB-468C-BFE3-7CFCB97DAD07}.Debug|Any CPU.Build.0 = Debug|Any CPU
		{531BAEFA-EEFB-468C-BFE3-7CFCB97DAD07}.Release|Any CPU.ActiveCfg = Release|Any CPU
		{531BAEFA-EEFB-468C-BFE3-7CFCB97DAD07}.Release|Any CPU.Build.0 = Release|Any CPU
		{E40858AF-B141-4B53-999E-8AC30286D65D}.Debug|Any CPU.ActiveCfg = Debug|Any CPU
		{E40858AF-B141-4B53-999E-8AC30286D65D}.Debug|Any CPU.Build.0 = Debug|Any CPU
		{E40858AF-B141-4B53-999E-8AC30286D65D}.Release|Any CPU.ActiveCfg = Release|Any CPU
		{E40858AF-B141-4B53-999E-8AC30286D65D}.Release|Any CPU.Build.0 = Release|Any CPU
		{B346E1F8-3FD6-475B-A133-3E46EE5B106A}.Debug|Any CPU.ActiveCfg = Debug|Any CPU
		{B346E1F8-3FD6-475B-A133-3E46EE5B106A}.Debug|Any CPU.Build.0 = Debug|Any CPU
		{B346E1F8-3FD6-475B-A133-3E46EE5B106A}.Release|Any CPU.ActiveCfg = Release|Any CPU
		{B346E1F8-3FD6-475B-A133-3E46EE5B106A}.Release|Any CPU.Build.0 = Release|Any CPU
		{A94AB6A0-DDDD-43A5-AAF3-AF3914496B44}.Debug|Any CPU.ActiveCfg = Debug|Any CPU
		{A94AB6A0-DDDD-43A5-AAF3-AF3914496B44}.Debug|Any CPU.Build.0 = Debug|Any CPU
		{A94AB6A0-DDDD-43A5-AAF3-AF3914496B44}.Release|Any CPU.ActiveCfg = Release|Any CPU
		{A94AB6A0-DDDD-43A5-AAF3-AF3914496B44}.Release|Any CPU.Build.0 = Release|Any CPU
		{842202EE-2716-4102-BB85-2743CEF8C7B8}.Debug|Any CPU.ActiveCfg = Debug|Any CPU
		{842202EE-2716-4102-BB85-2743CEF8C7B8}.Debug|Any CPU.Build.0 = Debug|Any CPU
		{842202EE-2716-4102-BB85-2743CEF8C7B8}.Release|Any CPU.ActiveCfg = Release|Any CPU
		{842202EE-2716-4102-BB85-2743CEF8C7B8}.Release|Any CPU.Build.0 = Release|Any CPU
		{292DA613-3F64-4ACE-AA9A-BCB5792076B7}.Debug|Any CPU.ActiveCfg = Debug|Any CPU
		{292DA613-3F64-4ACE-AA9A-BCB5792076B7}.Debug|Any CPU.Build.0 = Debug|Any CPU
		{292DA613-3F64-4ACE-AA9A-BCB5792076B7}.Release|Any CPU.ActiveCfg = Release|Any CPU
		{292DA613-3F64-4ACE-AA9A-BCB5792076B7}.Release|Any CPU.Build.0 = Release|Any CPU
		{5188EE75-32F4-4676-8107-077CE9553807}.Debug|Any CPU.ActiveCfg = Debug|Any CPU
		{5188EE75-32F4-4676-8107-077CE9553807}.Debug|Any CPU.Build.0 = Debug|Any CPU
		{5188EE75-32F4-4676-8107-077CE9553807}.Release|Any CPU.ActiveCfg = Release|Any CPU
		{5188EE75-32F4-4676-8107-077CE9553807}.Release|Any CPU.Build.0 = Release|Any CPU
		{318E7045-1BFA-4AAC-9E72-CFAE1E8F81A8}.Debug|Any CPU.ActiveCfg = Debug|Any CPU
		{318E7045-1BFA-4AAC-9E72-CFAE1E8F81A8}.Debug|Any CPU.Build.0 = Debug|Any CPU
		{318E7045-1BFA-4AAC-9E72-CFAE1E8F81A8}.Release|Any CPU.ActiveCfg = Release|Any CPU
		{318E7045-1BFA-4AAC-9E72-CFAE1E8F81A8}.Release|Any CPU.Build.0 = Release|Any CPU
		{04E7FAF0-8FDA-4528-B077-4D31B8B7D244}.Debug|Any CPU.ActiveCfg = Debug|Any CPU
		{04E7FAF0-8FDA-4528-B077-4D31B8B7D244}.Debug|Any CPU.Build.0 = Debug|Any CPU
		{04E7FAF0-8FDA-4528-B077-4D31B8B7D244}.Release|Any CPU.ActiveCfg = Release|Any CPU
		{04E7FAF0-8FDA-4528-B077-4D31B8B7D244}.Release|Any CPU.Build.0 = Release|Any CPU
		{F62E8916-AC38-480D-9900-F5B1E793EB51}.Debug|Any CPU.ActiveCfg = Debug|Any CPU
		{F62E8916-AC38-480D-9900-F5B1E793EB51}.Debug|Any CPU.Build.0 = Debug|Any CPU
		{F62E8916-AC38-480D-9900-F5B1E793EB51}.Release|Any CPU.ActiveCfg = Release|Any CPU
		{F62E8916-AC38-480D-9900-F5B1E793EB51}.Release|Any CPU.Build.0 = Release|Any CPU
		{4557614F-D078-4DEF-99F6-6873FDE516E8}.Debug|Any CPU.ActiveCfg = Debug|Any CPU
		{4557614F-D078-4DEF-99F6-6873FDE516E8}.Debug|Any CPU.Build.0 = Debug|Any CPU
		{4557614F-D078-4DEF-99F6-6873FDE516E8}.Release|Any CPU.ActiveCfg = Release|Any CPU
		{4557614F-D078-4DEF-99F6-6873FDE516E8}.Release|Any CPU.Build.0 = Release|Any CPU
		{03CC519A-DDDF-45E6-9174-3AD864DA932F}.Debug|Any CPU.ActiveCfg = Debug|Any CPU
		{03CC519A-DDDF-45E6-9174-3AD864DA932F}.Debug|Any CPU.Build.0 = Debug|Any CPU
		{03CC519A-DDDF-45E6-9174-3AD864DA932F}.Release|Any CPU.ActiveCfg = Release|Any CPU
		{03CC519A-DDDF-45E6-9174-3AD864DA932F}.Release|Any CPU.Build.0 = Release|Any CPU
		{6DBBEB5E-FBBA-489E-B688-1E3A4BEF4E9C}.Debug|Any CPU.ActiveCfg = Debug|Any CPU
		{6DBBEB5E-FBBA-489E-B688-1E3A4BEF4E9C}.Debug|Any CPU.Build.0 = Debug|Any CPU
		{6DBBEB5E-FBBA-489E-B688-1E3A4BEF4E9C}.Release|Any CPU.ActiveCfg = Release|Any CPU
		{6DBBEB5E-FBBA-489E-B688-1E3A4BEF4E9C}.Release|Any CPU.Build.0 = Release|Any CPU
		{FFBACFB4-984D-4D77-8533-3986797EF84A}.Debug|Any CPU.ActiveCfg = Debug|Any CPU
		{FFBACFB4-984D-4D77-8533-3986797EF84A}.Debug|Any CPU.Build.0 = Debug|Any CPU
		{FFBACFB4-984D-4D77-8533-3986797EF84A}.Release|Any CPU.ActiveCfg = Release|Any CPU
		{FFBACFB4-984D-4D77-8533-3986797EF84A}.Release|Any CPU.Build.0 = Release|Any CPU
		{AB2A26D4-214B-48AB-B730-9F6E8D86F5B0}.Debug|Any CPU.ActiveCfg = Debug|Any CPU
		{AB2A26D4-214B-48AB-B730-9F6E8D86F5B0}.Debug|Any CPU.Build.0 = Debug|Any CPU
		{AB2A26D4-214B-48AB-B730-9F6E8D86F5B0}.Release|Any CPU.ActiveCfg = Release|Any CPU
		{AB2A26D4-214B-48AB-B730-9F6E8D86F5B0}.Release|Any CPU.Build.0 = Release|Any CPU
		{07A0CC6E-68E3-4D56-9BB7-94349F436CB5}.Debug|Any CPU.ActiveCfg = Debug|Any CPU
		{07A0CC6E-68E3-4D56-9BB7-94349F436CB5}.Debug|Any CPU.Build.0 = Debug|Any CPU
		{07A0CC6E-68E3-4D56-9BB7-94349F436CB5}.Release|Any CPU.ActiveCfg = Release|Any CPU
		{07A0CC6E-68E3-4D56-9BB7-94349F436CB5}.Release|Any CPU.Build.0 = Release|Any CPU
		{F7745ED3-52CD-457F-84B5-9C67BFC75438}.Debug|Any CPU.ActiveCfg = Debug|Any CPU
		{F7745ED3-52CD-457F-84B5-9C67BFC75438}.Debug|Any CPU.Build.0 = Debug|Any CPU
		{F7745ED3-52CD-457F-84B5-9C67BFC75438}.Release|Any CPU.ActiveCfg = Release|Any CPU
		{F7745ED3-52CD-457F-84B5-9C67BFC75438}.Release|Any CPU.Build.0 = Release|Any CPU
		{7CBFC47A-CDAA-49DA-A564-636BCDEA9003}.Debug|Any CPU.ActiveCfg = Debug|Any CPU
		{7CBFC47A-CDAA-49DA-A564-636BCDEA9003}.Debug|Any CPU.Build.0 = Debug|Any CPU
		{7CBFC47A-CDAA-49DA-A564-636BCDEA9003}.Release|Any CPU.ActiveCfg = Release|Any CPU
		{7CBFC47A-CDAA-49DA-A564-636BCDEA9003}.Release|Any CPU.Build.0 = Release|Any CPU
		{DFE04D90-564B-4F7B-B0E4-6508CD83A843}.Debug|Any CPU.ActiveCfg = Debug|Any CPU
		{DFE04D90-564B-4F7B-B0E4-6508CD83A843}.Debug|Any CPU.Build.0 = Debug|Any CPU
		{DFE04D90-564B-4F7B-B0E4-6508CD83A843}.Release|Any CPU.ActiveCfg = Release|Any CPU
		{DFE04D90-564B-4F7B-B0E4-6508CD83A843}.Release|Any CPU.Build.0 = Release|Any CPU
		{0554462C-502C-4AD4-B17D-4684E19BD940}.Debug|Any CPU.ActiveCfg = Debug|Any CPU
		{0554462C-502C-4AD4-B17D-4684E19BD940}.Debug|Any CPU.Build.0 = Debug|Any CPU
		{0554462C-502C-4AD4-B17D-4684E19BD940}.Release|Any CPU.ActiveCfg = Release|Any CPU
		{0554462C-502C-4AD4-B17D-4684E19BD940}.Release|Any CPU.Build.0 = Release|Any CPU
		{5F37E7B1-7957-4DED-B497-D36597AC9DD5}.Debug|Any CPU.ActiveCfg = Debug|Any CPU
		{5F37E7B1-7957-4DED-B497-D36597AC9DD5}.Debug|Any CPU.Build.0 = Debug|Any CPU
		{5F37E7B1-7957-4DED-B497-D36597AC9DD5}.Release|Any CPU.ActiveCfg = Release|Any CPU
		{5F37E7B1-7957-4DED-B497-D36597AC9DD5}.Release|Any CPU.Build.0 = Release|Any CPU
		{CB3CA8A0-E906-4795-BAB2-E93CD2BFF796}.Debug|Any CPU.ActiveCfg = Debug|Any CPU
		{CB3CA8A0-E906-4795-BAB2-E93CD2BFF796}.Debug|Any CPU.Build.0 = Debug|Any CPU
		{CB3CA8A0-E906-4795-BAB2-E93CD2BFF796}.Release|Any CPU.ActiveCfg = Release|Any CPU
		{CB3CA8A0-E906-4795-BAB2-E93CD2BFF796}.Release|Any CPU.Build.0 = Release|Any CPU
		{63692FAB-E296-4745-9926-4AB98FA2997F}.Debug|Any CPU.ActiveCfg = Debug|Any CPU
		{63692FAB-E296-4745-9926-4AB98FA2997F}.Debug|Any CPU.Build.0 = Debug|Any CPU
		{63692FAB-E296-4745-9926-4AB98FA2997F}.Release|Any CPU.ActiveCfg = Release|Any CPU
		{63692FAB-E296-4745-9926-4AB98FA2997F}.Release|Any CPU.Build.0 = Release|Any CPU
		{1D591FC5-3D9D-4A14-9D78-CD0823C3B7A9}.Debug|Any CPU.ActiveCfg = Debug|Any CPU
		{1D591FC5-3D9D-4A14-9D78-CD0823C3B7A9}.Debug|Any CPU.Build.0 = Debug|Any CPU
		{1D591FC5-3D9D-4A14-9D78-CD0823C3B7A9}.Release|Any CPU.ActiveCfg = Release|Any CPU
		{1D591FC5-3D9D-4A14-9D78-CD0823C3B7A9}.Release|Any CPU.Build.0 = Release|Any CPU
		{E5EF7B2B-A91A-4176-A5E0-4AA5627CC05F}.Debug|Any CPU.ActiveCfg = Debug|Any CPU
		{E5EF7B2B-A91A-4176-A5E0-4AA5627CC05F}.Debug|Any CPU.Build.0 = Debug|Any CPU
		{E5EF7B2B-A91A-4176-A5E0-4AA5627CC05F}.Release|Any CPU.ActiveCfg = Release|Any CPU
		{E5EF7B2B-A91A-4176-A5E0-4AA5627CC05F}.Release|Any CPU.Build.0 = Release|Any CPU
		{679D8A9C-F4F9-45FB-A5E3-8BF7D2A7B5EC}.Debug|Any CPU.ActiveCfg = Debug|Any CPU
		{679D8A9C-F4F9-45FB-A5E3-8BF7D2A7B5EC}.Debug|Any CPU.Build.0 = Debug|Any CPU
		{679D8A9C-F4F9-45FB-A5E3-8BF7D2A7B5EC}.Release|Any CPU.ActiveCfg = Release|Any CPU
		{679D8A9C-F4F9-45FB-A5E3-8BF7D2A7B5EC}.Release|Any CPU.Build.0 = Release|Any CPU
		{12B8B071-3EC4-4BCE-A7B7-5C84B669A9A4}.Debug|Any CPU.ActiveCfg = Debug|Any CPU
		{12B8B071-3EC4-4BCE-A7B7-5C84B669A9A4}.Debug|Any CPU.Build.0 = Debug|Any CPU
		{12B8B071-3EC4-4BCE-A7B7-5C84B669A9A4}.Release|Any CPU.ActiveCfg = Release|Any CPU
		{12B8B071-3EC4-4BCE-A7B7-5C84B669A9A4}.Release|Any CPU.Build.0 = Release|Any CPU
		{2B0B48B5-857A-48E1-B133-E170781AE76D}.Debug|Any CPU.ActiveCfg = Debug|Any CPU
		{2B0B48B5-857A-48E1-B133-E170781AE76D}.Debug|Any CPU.Build.0 = Debug|Any CPU
		{2B0B48B5-857A-48E1-B133-E170781AE76D}.Release|Any CPU.ActiveCfg = Release|Any CPU
		{2B0B48B5-857A-48E1-B133-E170781AE76D}.Release|Any CPU.Build.0 = Release|Any CPU
		{7DA7C713-876E-4083-B737-2CC8F93BCBAD}.Debug|Any CPU.ActiveCfg = Debug|Any CPU
		{7DA7C713-876E-4083-B737-2CC8F93BCBAD}.Debug|Any CPU.Build.0 = Debug|Any CPU
		{7DA7C713-876E-4083-B737-2CC8F93BCBAD}.Release|Any CPU.ActiveCfg = Release|Any CPU
		{7DA7C713-876E-4083-B737-2CC8F93BCBAD}.Release|Any CPU.Build.0 = Release|Any CPU
		{A5B46728-2D0C-47B6-B13A-4C4AE7EB121C}.Debug|Any CPU.ActiveCfg = Debug|Any CPU
		{A5B46728-2D0C-47B6-B13A-4C4AE7EB121C}.Debug|Any CPU.Build.0 = Debug|Any CPU
		{A5B46728-2D0C-47B6-B13A-4C4AE7EB121C}.Release|Any CPU.ActiveCfg = Release|Any CPU
		{A5B46728-2D0C-47B6-B13A-4C4AE7EB121C}.Release|Any CPU.Build.0 = Release|Any CPU
		{993D9DD7-2963-40F4-8407-320B7029780F}.Debug|Any CPU.ActiveCfg = Debug|Any CPU
		{993D9DD7-2963-40F4-8407-320B7029780F}.Debug|Any CPU.Build.0 = Debug|Any CPU
		{993D9DD7-2963-40F4-8407-320B7029780F}.Release|Any CPU.ActiveCfg = Release|Any CPU
		{993D9DD7-2963-40F4-8407-320B7029780F}.Release|Any CPU.Build.0 = Release|Any CPU
		{7955B447-22BA-4976-AFDD-BE84D3A11CEC}.Debug|Any CPU.ActiveCfg = Debug|Any CPU
		{7955B447-22BA-4976-AFDD-BE84D3A11CEC}.Debug|Any CPU.Build.0 = Debug|Any CPU
		{7955B447-22BA-4976-AFDD-BE84D3A11CEC}.Release|Any CPU.ActiveCfg = Release|Any CPU
		{7955B447-22BA-4976-AFDD-BE84D3A11CEC}.Release|Any CPU.Build.0 = Release|Any CPU
		{F7837006-5F5A-451A-B26E-37AD6DC2E296}.Debug|Any CPU.ActiveCfg = Debug|Any CPU
		{F7837006-5F5A-451A-B26E-37AD6DC2E296}.Debug|Any CPU.Build.0 = Debug|Any CPU
		{F7837006-5F5A-451A-B26E-37AD6DC2E296}.Release|Any CPU.ActiveCfg = Release|Any CPU
		{F7837006-5F5A-451A-B26E-37AD6DC2E296}.Release|Any CPU.Build.0 = Release|Any CPU
		{AB445E15-0751-41EF-954B-48CAF777E647}.Debug|Any CPU.ActiveCfg = Debug|Any CPU
		{AB445E15-0751-41EF-954B-48CAF777E647}.Debug|Any CPU.Build.0 = Debug|Any CPU
		{AB445E15-0751-41EF-954B-48CAF777E647}.Release|Any CPU.ActiveCfg = Release|Any CPU
		{AB445E15-0751-41EF-954B-48CAF777E647}.Release|Any CPU.Build.0 = Release|Any CPU
		{B48DB715-E833-4E11-98BC-36AFAB323DF1}.Debug|Any CPU.ActiveCfg = Debug|Any CPU
		{B48DB715-E833-4E11-98BC-36AFAB323DF1}.Debug|Any CPU.Build.0 = Debug|Any CPU
		{B48DB715-E833-4E11-98BC-36AFAB323DF1}.Release|Any CPU.ActiveCfg = Release|Any CPU
		{B48DB715-E833-4E11-98BC-36AFAB323DF1}.Release|Any CPU.Build.0 = Release|Any CPU
		{1C0BD052-90C5-4E82-8CD2-DDA74AEF3088}.Debug|Any CPU.ActiveCfg = Debug|Any CPU
		{1C0BD052-90C5-4E82-8CD2-DDA74AEF3088}.Debug|Any CPU.Build.0 = Debug|Any CPU
		{1C0BD052-90C5-4E82-8CD2-DDA74AEF3088}.Release|Any CPU.ActiveCfg = Release|Any CPU
		{1C0BD052-90C5-4E82-8CD2-DDA74AEF3088}.Release|Any CPU.Build.0 = Release|Any CPU
		{59555172-E023-4BDC-A2A5-90494E0497EA}.Debug|Any CPU.ActiveCfg = Debug|Any CPU
		{59555172-E023-4BDC-A2A5-90494E0497EA}.Debug|Any CPU.Build.0 = Debug|Any CPU
		{59555172-E023-4BDC-A2A5-90494E0497EA}.Release|Any CPU.ActiveCfg = Release|Any CPU
		{59555172-E023-4BDC-A2A5-90494E0497EA}.Release|Any CPU.Build.0 = Release|Any CPU
		{EFF427E2-EEC8-4F14-A00F-99D5D827A276}.Debug|Any CPU.ActiveCfg = Debug|Any CPU
		{EFF427E2-EEC8-4F14-A00F-99D5D827A276}.Debug|Any CPU.Build.0 = Debug|Any CPU
		{EFF427E2-EEC8-4F14-A00F-99D5D827A276}.Release|Any CPU.ActiveCfg = Release|Any CPU
		{EFF427E2-EEC8-4F14-A00F-99D5D827A276}.Release|Any CPU.Build.0 = Release|Any CPU
		{A2C000A0-4A05-4956-B98A-289D52F3372E}.Debug|Any CPU.ActiveCfg = Debug|Any CPU
		{A2C000A0-4A05-4956-B98A-289D52F3372E}.Debug|Any CPU.Build.0 = Debug|Any CPU
		{A2C000A0-4A05-4956-B98A-289D52F3372E}.Release|Any CPU.ActiveCfg = Release|Any CPU
		{A2C000A0-4A05-4956-B98A-289D52F3372E}.Release|Any CPU.Build.0 = Release|Any CPU
		{A6598B54-4805-4B49-91F2-CFA11BB541E5}.Debug|Any CPU.ActiveCfg = Debug|Any CPU
		{A6598B54-4805-4B49-91F2-CFA11BB541E5}.Debug|Any CPU.Build.0 = Debug|Any CPU
		{A6598B54-4805-4B49-91F2-CFA11BB541E5}.Release|Any CPU.ActiveCfg = Release|Any CPU
		{A6598B54-4805-4B49-91F2-CFA11BB541E5}.Release|Any CPU.Build.0 = Release|Any CPU
		{DA79C395-636D-4BFE-9ED7-73D7A7F668A1}.Debug|Any CPU.ActiveCfg = Debug|Any CPU
		{DA79C395-636D-4BFE-9ED7-73D7A7F668A1}.Debug|Any CPU.Build.0 = Debug|Any CPU
		{DA79C395-636D-4BFE-9ED7-73D7A7F668A1}.Release|Any CPU.ActiveCfg = Release|Any CPU
		{DA79C395-636D-4BFE-9ED7-73D7A7F668A1}.Release|Any CPU.Build.0 = Release|Any CPU
		{A75C6801-0BC7-46C1-B1D5-11F745ACD6DB}.Debug|Any CPU.ActiveCfg = Debug|Any CPU
		{A75C6801-0BC7-46C1-B1D5-11F745ACD6DB}.Debug|Any CPU.Build.0 = Debug|Any CPU
		{A75C6801-0BC7-46C1-B1D5-11F745ACD6DB}.Release|Any CPU.ActiveCfg = Release|Any CPU
		{A75C6801-0BC7-46C1-B1D5-11F745ACD6DB}.Release|Any CPU.Build.0 = Release|Any CPU
		{05E37D1F-647A-4064-BEAB-0B70E98EE243}.Debug|Any CPU.ActiveCfg = Debug|Any CPU
		{05E37D1F-647A-4064-BEAB-0B70E98EE243}.Debug|Any CPU.Build.0 = Debug|Any CPU
		{05E37D1F-647A-4064-BEAB-0B70E98EE243}.Release|Any CPU.ActiveCfg = Release|Any CPU
		{05E37D1F-647A-4064-BEAB-0B70E98EE243}.Release|Any CPU.Build.0 = Release|Any CPU
		{278337A4-B2E1-40F8-A514-110EDEE9866A}.Debug|Any CPU.ActiveCfg = Debug|Any CPU
		{278337A4-B2E1-40F8-A514-110EDEE9866A}.Debug|Any CPU.Build.0 = Debug|Any CPU
		{278337A4-B2E1-40F8-A514-110EDEE9866A}.Release|Any CPU.ActiveCfg = Release|Any CPU
		{278337A4-B2E1-40F8-A514-110EDEE9866A}.Release|Any CPU.Build.0 = Release|Any CPU
		{7A3A8130-E435-4674-B142-807BA783FA98}.Debug|Any CPU.ActiveCfg = Debug|Any CPU
		{7A3A8130-E435-4674-B142-807BA783FA98}.Debug|Any CPU.Build.0 = Debug|Any CPU
		{7A3A8130-E435-4674-B142-807BA783FA98}.Release|Any CPU.ActiveCfg = Release|Any CPU
		{7A3A8130-E435-4674-B142-807BA783FA98}.Release|Any CPU.Build.0 = Release|Any CPU
		{B958132B-C73E-4C82-800F-A22268A0062F}.Debug|Any CPU.ActiveCfg = Debug|Any CPU
		{B958132B-C73E-4C82-800F-A22268A0062F}.Debug|Any CPU.Build.0 = Debug|Any CPU
		{B958132B-C73E-4C82-800F-A22268A0062F}.Release|Any CPU.ActiveCfg = Release|Any CPU
		{B958132B-C73E-4C82-800F-A22268A0062F}.Release|Any CPU.Build.0 = Release|Any CPU
		{90489142-27C5-47E9-A961-36B61215D8AC}.Debug|Any CPU.ActiveCfg = Debug|Any CPU
		{90489142-27C5-47E9-A961-36B61215D8AC}.Debug|Any CPU.Build.0 = Debug|Any CPU
		{90489142-27C5-47E9-A961-36B61215D8AC}.Release|Any CPU.ActiveCfg = Release|Any CPU
		{90489142-27C5-47E9-A961-36B61215D8AC}.Release|Any CPU.Build.0 = Release|Any CPU
		{882D2C6B-8369-44FC-89CB-D3F4A7089B91}.Debug|Any CPU.ActiveCfg = Debug|Any CPU
		{882D2C6B-8369-44FC-89CB-D3F4A7089B91}.Debug|Any CPU.Build.0 = Debug|Any CPU
		{882D2C6B-8369-44FC-89CB-D3F4A7089B91}.Release|Any CPU.ActiveCfg = Release|Any CPU
		{882D2C6B-8369-44FC-89CB-D3F4A7089B91}.Release|Any CPU.Build.0 = Release|Any CPU
		{5562A158-3783-44F9-94C1-C88CB5528ADD}.Debug|Any CPU.ActiveCfg = Debug|Any CPU
		{5562A158-3783-44F9-94C1-C88CB5528ADD}.Debug|Any CPU.Build.0 = Debug|Any CPU
		{5562A158-3783-44F9-94C1-C88CB5528ADD}.Release|Any CPU.ActiveCfg = Release|Any CPU
		{5562A158-3783-44F9-94C1-C88CB5528ADD}.Release|Any CPU.Build.0 = Release|Any CPU
		{851B4005-3957-4DFD-9688-A3DFDD380A7E}.Debug|Any CPU.ActiveCfg = Debug|Any CPU
		{851B4005-3957-4DFD-9688-A3DFDD380A7E}.Debug|Any CPU.Build.0 = Debug|Any CPU
		{851B4005-3957-4DFD-9688-A3DFDD380A7E}.Release|Any CPU.ActiveCfg = Release|Any CPU
		{851B4005-3957-4DFD-9688-A3DFDD380A7E}.Release|Any CPU.Build.0 = Release|Any CPU
		{818B1686-85AE-40DD-8888-CBD9884C1E95}.Debug|Any CPU.ActiveCfg = Debug|Any CPU
		{818B1686-85AE-40DD-8888-CBD9884C1E95}.Debug|Any CPU.Build.0 = Debug|Any CPU
		{818B1686-85AE-40DD-8888-CBD9884C1E95}.Release|Any CPU.ActiveCfg = Release|Any CPU
		{818B1686-85AE-40DD-8888-CBD9884C1E95}.Release|Any CPU.Build.0 = Release|Any CPU
		{B644E8CF-B7D5-4C77-ADC8-2A4C894EA575}.Debug|Any CPU.ActiveCfg = Debug|Any CPU
		{B644E8CF-B7D5-4C77-ADC8-2A4C894EA575}.Debug|Any CPU.Build.0 = Debug|Any CPU
		{B644E8CF-B7D5-4C77-ADC8-2A4C894EA575}.Release|Any CPU.ActiveCfg = Release|Any CPU
		{B644E8CF-B7D5-4C77-ADC8-2A4C894EA575}.Release|Any CPU.Build.0 = Release|Any CPU
		{C5A5923F-36FE-4CFF-92E4-D4E747D97DFB}.Debug|Any CPU.ActiveCfg = Debug|Any CPU
		{C5A5923F-36FE-4CFF-92E4-D4E747D97DFB}.Debug|Any CPU.Build.0 = Debug|Any CPU
		{C5A5923F-36FE-4CFF-92E4-D4E747D97DFB}.Release|Any CPU.ActiveCfg = Release|Any CPU
		{C5A5923F-36FE-4CFF-92E4-D4E747D97DFB}.Release|Any CPU.Build.0 = Release|Any CPU
		{2BB8118D-2015-4E63-AD65-15B11155CC09}.Debug|Any CPU.ActiveCfg = Debug|Any CPU
		{2BB8118D-2015-4E63-AD65-15B11155CC09}.Debug|Any CPU.Build.0 = Debug|Any CPU
		{2BB8118D-2015-4E63-AD65-15B11155CC09}.Release|Any CPU.ActiveCfg = Release|Any CPU
		{2BB8118D-2015-4E63-AD65-15B11155CC09}.Release|Any CPU.Build.0 = Release|Any CPU
		{A113D4F3-72AA-4457-BD2F-16D60C7F0156}.Debug|Any CPU.ActiveCfg = Debug|Any CPU
		{A113D4F3-72AA-4457-BD2F-16D60C7F0156}.Debug|Any CPU.Build.0 = Debug|Any CPU
		{A113D4F3-72AA-4457-BD2F-16D60C7F0156}.Release|Any CPU.ActiveCfg = Release|Any CPU
		{A113D4F3-72AA-4457-BD2F-16D60C7F0156}.Release|Any CPU.Build.0 = Release|Any CPU
		{531A30E7-44CA-4E58-9C11-91BCA0BBADC3}.Debug|Any CPU.ActiveCfg = Debug|Any CPU
		{531A30E7-44CA-4E58-9C11-91BCA0BBADC3}.Debug|Any CPU.Build.0 = Debug|Any CPU
		{531A30E7-44CA-4E58-9C11-91BCA0BBADC3}.Release|Any CPU.ActiveCfg = Release|Any CPU
		{531A30E7-44CA-4E58-9C11-91BCA0BBADC3}.Release|Any CPU.Build.0 = Release|Any CPU
		{344FE43A-CDE2-4020-9473-AB4E41FA12C0}.Debug|Any CPU.ActiveCfg = Debug|Any CPU
		{344FE43A-CDE2-4020-9473-AB4E41FA12C0}.Debug|Any CPU.Build.0 = Debug|Any CPU
		{344FE43A-CDE2-4020-9473-AB4E41FA12C0}.Release|Any CPU.ActiveCfg = Release|Any CPU
		{344FE43A-CDE2-4020-9473-AB4E41FA12C0}.Release|Any CPU.Build.0 = Release|Any CPU
		{1C5EA11D-E7A1-45D2-BD9E-20370747BB19}.Debug|Any CPU.ActiveCfg = Debug|Any CPU
		{1C5EA11D-E7A1-45D2-BD9E-20370747BB19}.Debug|Any CPU.Build.0 = Debug|Any CPU
		{1C5EA11D-E7A1-45D2-BD9E-20370747BB19}.Release|Any CPU.ActiveCfg = Release|Any CPU
		{1C5EA11D-E7A1-45D2-BD9E-20370747BB19}.Release|Any CPU.Build.0 = Release|Any CPU
		{1947F5D8-7CCE-4240-B586-61EEAF4F6F5C}.Debug|Any CPU.ActiveCfg = Debug|Any CPU
		{1947F5D8-7CCE-4240-B586-61EEAF4F6F5C}.Debug|Any CPU.Build.0 = Debug|Any CPU
		{1947F5D8-7CCE-4240-B586-61EEAF4F6F5C}.Release|Any CPU.ActiveCfg = Release|Any CPU
		{1947F5D8-7CCE-4240-B586-61EEAF4F6F5C}.Release|Any CPU.Build.0 = Release|Any CPU
		{94D274BE-1074-4286-AA8E-C2C602B90107}.Debug|Any CPU.ActiveCfg = Debug|Any CPU
		{94D274BE-1074-4286-AA8E-C2C602B90107}.Debug|Any CPU.Build.0 = Debug|Any CPU
		{94D274BE-1074-4286-AA8E-C2C602B90107}.Release|Any CPU.ActiveCfg = Release|Any CPU
		{94D274BE-1074-4286-AA8E-C2C602B90107}.Release|Any CPU.Build.0 = Release|Any CPU
		{C4A24741-10BF-43C1-B59E-606942DB54A2}.Debug|Any CPU.ActiveCfg = Debug|Any CPU
		{C4A24741-10BF-43C1-B59E-606942DB54A2}.Debug|Any CPU.Build.0 = Debug|Any CPU
		{C4A24741-10BF-43C1-B59E-606942DB54A2}.Release|Any CPU.ActiveCfg = Release|Any CPU
		{C4A24741-10BF-43C1-B59E-606942DB54A2}.Release|Any CPU.Build.0 = Release|Any CPU
		{D72268BD-5A96-4D32-946E-AB04700A945E}.Debug|Any CPU.ActiveCfg = Debug|Any CPU
		{D72268BD-5A96-4D32-946E-AB04700A945E}.Debug|Any CPU.Build.0 = Debug|Any CPU
		{D72268BD-5A96-4D32-946E-AB04700A945E}.Release|Any CPU.ActiveCfg = Release|Any CPU
		{D72268BD-5A96-4D32-946E-AB04700A945E}.Release|Any CPU.Build.0 = Release|Any CPU
		{52A17E56-4BDC-40D5-BBF2-C2E842925717}.Debug|Any CPU.ActiveCfg = Debug|Any CPU
		{52A17E56-4BDC-40D5-BBF2-C2E842925717}.Debug|Any CPU.Build.0 = Debug|Any CPU
		{52A17E56-4BDC-40D5-BBF2-C2E842925717}.Release|Any CPU.ActiveCfg = Release|Any CPU
		{52A17E56-4BDC-40D5-BBF2-C2E842925717}.Release|Any CPU.Build.0 = Release|Any CPU
		{38A352B9-4A25-46C5-BB76-92BC608CC20F}.Debug|Any CPU.ActiveCfg = Debug|Any CPU
		{38A352B9-4A25-46C5-BB76-92BC608CC20F}.Debug|Any CPU.Build.0 = Debug|Any CPU
		{38A352B9-4A25-46C5-BB76-92BC608CC20F}.Release|Any CPU.ActiveCfg = Release|Any CPU
		{38A352B9-4A25-46C5-BB76-92BC608CC20F}.Release|Any CPU.Build.0 = Release|Any CPU
		{6FF1D5A0-C794-4218-9424-38FD111058EF}.Debug|Any CPU.ActiveCfg = Debug|Any CPU
		{6FF1D5A0-C794-4218-9424-38FD111058EF}.Debug|Any CPU.Build.0 = Debug|Any CPU
		{6FF1D5A0-C794-4218-9424-38FD111058EF}.Release|Any CPU.ActiveCfg = Release|Any CPU
		{6FF1D5A0-C794-4218-9424-38FD111058EF}.Release|Any CPU.Build.0 = Release|Any CPU
		{8316BB6D-5EB7-41EF-8836-BDA3057DE02A}.Debug|Any CPU.ActiveCfg = Debug|Any CPU
		{8316BB6D-5EB7-41EF-8836-BDA3057DE02A}.Debug|Any CPU.Build.0 = Debug|Any CPU
		{8316BB6D-5EB7-41EF-8836-BDA3057DE02A}.Release|Any CPU.ActiveCfg = Release|Any CPU
		{8316BB6D-5EB7-41EF-8836-BDA3057DE02A}.Release|Any CPU.Build.0 = Release|Any CPU
		{2C6A03C6-FF1C-4CB3-B0A5-AFE1F609CC90}.Debug|Any CPU.ActiveCfg = Debug|Any CPU
		{2C6A03C6-FF1C-4CB3-B0A5-AFE1F609CC90}.Debug|Any CPU.Build.0 = Debug|Any CPU
		{2C6A03C6-FF1C-4CB3-B0A5-AFE1F609CC90}.Release|Any CPU.ActiveCfg = Release|Any CPU
		{2C6A03C6-FF1C-4CB3-B0A5-AFE1F609CC90}.Release|Any CPU.Build.0 = Release|Any CPU
		{F7577B21-3673-4B0D-82AD-0A7B0F702A8D}.Debug|Any CPU.ActiveCfg = Debug|Any CPU
		{F7577B21-3673-4B0D-82AD-0A7B0F702A8D}.Debug|Any CPU.Build.0 = Debug|Any CPU
		{F7577B21-3673-4B0D-82AD-0A7B0F702A8D}.Release|Any CPU.ActiveCfg = Release|Any CPU
		{F7577B21-3673-4B0D-82AD-0A7B0F702A8D}.Release|Any CPU.Build.0 = Release|Any CPU
		{812C82FE-7AE8-4287-A7E6-3FF9CADF6496}.Debug|Any CPU.ActiveCfg = Debug|Any CPU
		{812C82FE-7AE8-4287-A7E6-3FF9CADF6496}.Debug|Any CPU.Build.0 = Debug|Any CPU
		{812C82FE-7AE8-4287-A7E6-3FF9CADF6496}.Release|Any CPU.ActiveCfg = Release|Any CPU
		{812C82FE-7AE8-4287-A7E6-3FF9CADF6496}.Release|Any CPU.Build.0 = Release|Any CPU
		{F3E0EA88-6F30-4728-AB3B-B48F02038961}.Debug|Any CPU.ActiveCfg = Debug|Any CPU
		{F3E0EA88-6F30-4728-AB3B-B48F02038961}.Debug|Any CPU.Build.0 = Debug|Any CPU
		{F3E0EA88-6F30-4728-AB3B-B48F02038961}.Release|Any CPU.ActiveCfg = Release|Any CPU
		{F3E0EA88-6F30-4728-AB3B-B48F02038961}.Release|Any CPU.Build.0 = Release|Any CPU
		{0A0CCF99-ED01-4FD2-9CEE-6B4CA1C6D22A}.Debug|Any CPU.ActiveCfg = Debug|Any CPU
		{0A0CCF99-ED01-4FD2-9CEE-6B4CA1C6D22A}.Debug|Any CPU.Build.0 = Debug|Any CPU
		{0A0CCF99-ED01-4FD2-9CEE-6B4CA1C6D22A}.Release|Any CPU.ActiveCfg = Release|Any CPU
		{0A0CCF99-ED01-4FD2-9CEE-6B4CA1C6D22A}.Release|Any CPU.Build.0 = Release|Any CPU
		{0C0AF5F0-695D-4EA3-822C-5FFEAE019225}.Debug|Any CPU.ActiveCfg = Debug|Any CPU
		{0C0AF5F0-695D-4EA3-822C-5FFEAE019225}.Debug|Any CPU.Build.0 = Debug|Any CPU
		{0C0AF5F0-695D-4EA3-822C-5FFEAE019225}.Release|Any CPU.ActiveCfg = Release|Any CPU
		{0C0AF5F0-695D-4EA3-822C-5FFEAE019225}.Release|Any CPU.Build.0 = Release|Any CPU
		{76C5B5C0-F4A9-4A49-9468-63343729AA72}.Debug|Any CPU.ActiveCfg = Debug|Any CPU
		{76C5B5C0-F4A9-4A49-9468-63343729AA72}.Debug|Any CPU.Build.0 = Debug|Any CPU
		{76C5B5C0-F4A9-4A49-9468-63343729AA72}.Release|Any CPU.ActiveCfg = Release|Any CPU
		{76C5B5C0-F4A9-4A49-9468-63343729AA72}.Release|Any CPU.Build.0 = Release|Any CPU
		{5E7B3743-0B55-440E-A424-8376E6F01129}.Debug|Any CPU.ActiveCfg = Debug|Any CPU
		{5E7B3743-0B55-440E-A424-8376E6F01129}.Debug|Any CPU.Build.0 = Debug|Any CPU
		{5E7B3743-0B55-440E-A424-8376E6F01129}.Release|Any CPU.ActiveCfg = Release|Any CPU
		{5E7B3743-0B55-440E-A424-8376E6F01129}.Release|Any CPU.Build.0 = Release|Any CPU
		{8C18DFA2-28AD-473E-9D9F-CA5CCA191194}.Debug|Any CPU.ActiveCfg = Debug|Any CPU
		{8C18DFA2-28AD-473E-9D9F-CA5CCA191194}.Debug|Any CPU.Build.0 = Debug|Any CPU
		{8C18DFA2-28AD-473E-9D9F-CA5CCA191194}.Release|Any CPU.ActiveCfg = Release|Any CPU
		{8C18DFA2-28AD-473E-9D9F-CA5CCA191194}.Release|Any CPU.Build.0 = Release|Any CPU
		{7F4784A1-89E8-4848-BEB0-3533A0FE41B9}.Debug|Any CPU.ActiveCfg = Debug|Any CPU
		{7F4784A1-89E8-4848-BEB0-3533A0FE41B9}.Debug|Any CPU.Build.0 = Debug|Any CPU
		{7F4784A1-89E8-4848-BEB0-3533A0FE41B9}.Release|Any CPU.ActiveCfg = Release|Any CPU
		{7F4784A1-89E8-4848-BEB0-3533A0FE41B9}.Release|Any CPU.Build.0 = Release|Any CPU
		{B338739B-F212-44B6-8A48-276BC5A71B0D}.Debug|Any CPU.ActiveCfg = Debug|Any CPU
		{B338739B-F212-44B6-8A48-276BC5A71B0D}.Debug|Any CPU.Build.0 = Debug|Any CPU
		{B338739B-F212-44B6-8A48-276BC5A71B0D}.Release|Any CPU.ActiveCfg = Release|Any CPU
		{B338739B-F212-44B6-8A48-276BC5A71B0D}.Release|Any CPU.Build.0 = Release|Any CPU
		{0E87CF3F-336A-443A-9B52-AB3A23979B1C}.Debug|Any CPU.ActiveCfg = Debug|Any CPU
		{0E87CF3F-336A-443A-9B52-AB3A23979B1C}.Debug|Any CPU.Build.0 = Debug|Any CPU
		{0E87CF3F-336A-443A-9B52-AB3A23979B1C}.Release|Any CPU.ActiveCfg = Release|Any CPU
		{0E87CF3F-336A-443A-9B52-AB3A23979B1C}.Release|Any CPU.Build.0 = Release|Any CPU
		{69390D29-E482-42BC-9A0B-D82345635096}.Debug|Any CPU.ActiveCfg = Debug|Any CPU
		{69390D29-E482-42BC-9A0B-D82345635096}.Debug|Any CPU.Build.0 = Debug|Any CPU
		{69390D29-E482-42BC-9A0B-D82345635096}.Release|Any CPU.ActiveCfg = Release|Any CPU
		{69390D29-E482-42BC-9A0B-D82345635096}.Release|Any CPU.Build.0 = Release|Any CPU
		{F227941D-3BFD-4863-A880-F8B550EC205B}.Debug|Any CPU.ActiveCfg = Debug|Any CPU
		{F227941D-3BFD-4863-A880-F8B550EC205B}.Debug|Any CPU.Build.0 = Debug|Any CPU
		{F227941D-3BFD-4863-A880-F8B550EC205B}.Release|Any CPU.ActiveCfg = Release|Any CPU
		{F227941D-3BFD-4863-A880-F8B550EC205B}.Release|Any CPU.Build.0 = Release|Any CPU
		{A775F98B-8A7F-4232-8450-FD395C654544}.Debug|Any CPU.ActiveCfg = Debug|Any CPU
		{A775F98B-8A7F-4232-8450-FD395C654544}.Debug|Any CPU.Build.0 = Debug|Any CPU
		{A775F98B-8A7F-4232-8450-FD395C654544}.Release|Any CPU.ActiveCfg = Release|Any CPU
		{A775F98B-8A7F-4232-8450-FD395C654544}.Release|Any CPU.Build.0 = Release|Any CPU
		{EA6871C5-768A-4BD0-9A9C-9220DEC87176}.Debug|Any CPU.ActiveCfg = Debug|Any CPU
		{EA6871C5-768A-4BD0-9A9C-9220DEC87176}.Debug|Any CPU.Build.0 = Debug|Any CPU
		{EA6871C5-768A-4BD0-9A9C-9220DEC87176}.Release|Any CPU.ActiveCfg = Release|Any CPU
		{EA6871C5-768A-4BD0-9A9C-9220DEC87176}.Release|Any CPU.Build.0 = Release|Any CPU
		{312A7A32-D28B-4069-B1A2-232E9CA3BFC1}.Debug|Any CPU.ActiveCfg = Debug|Any CPU
		{312A7A32-D28B-4069-B1A2-232E9CA3BFC1}.Debug|Any CPU.Build.0 = Debug|Any CPU
		{312A7A32-D28B-4069-B1A2-232E9CA3BFC1}.Release|Any CPU.ActiveCfg = Release|Any CPU
		{312A7A32-D28B-4069-B1A2-232E9CA3BFC1}.Release|Any CPU.Build.0 = Release|Any CPU
		{45446212-33D0-46BC-BF45-F95D33A6DF8E}.Debug|Any CPU.ActiveCfg = Debug|Any CPU
		{45446212-33D0-46BC-BF45-F95D33A6DF8E}.Debug|Any CPU.Build.0 = Debug|Any CPU
		{45446212-33D0-46BC-BF45-F95D33A6DF8E}.Release|Any CPU.ActiveCfg = Release|Any CPU
		{45446212-33D0-46BC-BF45-F95D33A6DF8E}.Release|Any CPU.Build.0 = Release|Any CPU
		{5AF6FB62-A78B-4100-88AF-C082ABC0F0FD}.Debug|Any CPU.ActiveCfg = Debug|Any CPU
		{5AF6FB62-A78B-4100-88AF-C082ABC0F0FD}.Debug|Any CPU.Build.0 = Debug|Any CPU
		{5AF6FB62-A78B-4100-88AF-C082ABC0F0FD}.Release|Any CPU.ActiveCfg = Release|Any CPU
		{5AF6FB62-A78B-4100-88AF-C082ABC0F0FD}.Release|Any CPU.Build.0 = Release|Any CPU
		{ACC972DC-33FE-4388-B966-EBEABC5440C8}.Debug|Any CPU.ActiveCfg = Debug|Any CPU
		{ACC972DC-33FE-4388-B966-EBEABC5440C8}.Debug|Any CPU.Build.0 = Debug|Any CPU
		{ACC972DC-33FE-4388-B966-EBEABC5440C8}.Release|Any CPU.ActiveCfg = Release|Any CPU
		{ACC972DC-33FE-4388-B966-EBEABC5440C8}.Release|Any CPU.Build.0 = Release|Any CPU
		{1A13D463-50DF-45FC-8210-910A79238808}.Debug|Any CPU.ActiveCfg = Debug|Any CPU
		{1A13D463-50DF-45FC-8210-910A79238808}.Debug|Any CPU.Build.0 = Debug|Any CPU
		{1A13D463-50DF-45FC-8210-910A79238808}.Release|Any CPU.ActiveCfg = Release|Any CPU
		{1A13D463-50DF-45FC-8210-910A79238808}.Release|Any CPU.Build.0 = Release|Any CPU
		{CABA7FD6-D881-4DB9-9D42-03BC409F308A}.Debug|Any CPU.ActiveCfg = Debug|Any CPU
		{CABA7FD6-D881-4DB9-9D42-03BC409F308A}.Debug|Any CPU.Build.0 = Debug|Any CPU
		{CABA7FD6-D881-4DB9-9D42-03BC409F308A}.Release|Any CPU.ActiveCfg = Release|Any CPU
		{CABA7FD6-D881-4DB9-9D42-03BC409F308A}.Release|Any CPU.Build.0 = Release|Any CPU
		{95C78C9E-8B8C-41A7-928D-E72AE839AB7A}.Debug|Any CPU.ActiveCfg = Debug|Any CPU
		{95C78C9E-8B8C-41A7-928D-E72AE839AB7A}.Debug|Any CPU.Build.0 = Debug|Any CPU
		{95C78C9E-8B8C-41A7-928D-E72AE839AB7A}.Release|Any CPU.ActiveCfg = Release|Any CPU
		{95C78C9E-8B8C-41A7-928D-E72AE839AB7A}.Release|Any CPU.Build.0 = Release|Any CPU
		{5D54FB29-42C5-4F79-8440-CB7CFEB9A8B5}.Debug|Any CPU.ActiveCfg = Debug|Any CPU
		{5D54FB29-42C5-4F79-8440-CB7CFEB9A8B5}.Debug|Any CPU.Build.0 = Debug|Any CPU
		{5D54FB29-42C5-4F79-8440-CB7CFEB9A8B5}.Release|Any CPU.ActiveCfg = Release|Any CPU
		{5D54FB29-42C5-4F79-8440-CB7CFEB9A8B5}.Release|Any CPU.Build.0 = Release|Any CPU
		{D0B204A3-03E9-4A7E-A753-0B125E9BCBE9}.Debug|Any CPU.ActiveCfg = Debug|Any CPU
		{D0B204A3-03E9-4A7E-A753-0B125E9BCBE9}.Debug|Any CPU.Build.0 = Debug|Any CPU
		{D0B204A3-03E9-4A7E-A753-0B125E9BCBE9}.Release|Any CPU.ActiveCfg = Release|Any CPU
		{D0B204A3-03E9-4A7E-A753-0B125E9BCBE9}.Release|Any CPU.Build.0 = Release|Any CPU
		{FBAE96AF-FE7D-4910-91C5-4666DA9A401A}.Debug|Any CPU.ActiveCfg = Debug|Any CPU
		{FBAE96AF-FE7D-4910-91C5-4666DA9A401A}.Debug|Any CPU.Build.0 = Debug|Any CPU
		{FBAE96AF-FE7D-4910-91C5-4666DA9A401A}.Release|Any CPU.ActiveCfg = Release|Any CPU
		{FBAE96AF-FE7D-4910-91C5-4666DA9A401A}.Release|Any CPU.Build.0 = Release|Any CPU
		{36BF75DD-38FC-4CE5-90C7-E4D19BC223B2}.Debug|Any CPU.ActiveCfg = Debug|Any CPU
		{36BF75DD-38FC-4CE5-90C7-E4D19BC223B2}.Debug|Any CPU.Build.0 = Debug|Any CPU
		{36BF75DD-38FC-4CE5-90C7-E4D19BC223B2}.Release|Any CPU.ActiveCfg = Release|Any CPU
		{36BF75DD-38FC-4CE5-90C7-E4D19BC223B2}.Release|Any CPU.Build.0 = Release|Any CPU
		{5B1D1245-8A01-4CA5-B0F4-29B07AC99036}.Debug|Any CPU.ActiveCfg = Debug|Any CPU
		{5B1D1245-8A01-4CA5-B0F4-29B07AC99036}.Debug|Any CPU.Build.0 = Debug|Any CPU
		{5B1D1245-8A01-4CA5-B0F4-29B07AC99036}.Release|Any CPU.ActiveCfg = Release|Any CPU
		{5B1D1245-8A01-4CA5-B0F4-29B07AC99036}.Release|Any CPU.Build.0 = Release|Any CPU
		{8327BF47-B977-42E6-9E78-D4AB73DE9B00}.Debug|Any CPU.ActiveCfg = Debug|Any CPU
		{8327BF47-B977-42E6-9E78-D4AB73DE9B00}.Debug|Any CPU.Build.0 = Debug|Any CPU
		{8327BF47-B977-42E6-9E78-D4AB73DE9B00}.Release|Any CPU.ActiveCfg = Release|Any CPU
		{8327BF47-B977-42E6-9E78-D4AB73DE9B00}.Release|Any CPU.Build.0 = Release|Any CPU
		{78CC9347-E933-4709-95BB-254241283DAC}.Debug|Any CPU.ActiveCfg = Debug|Any CPU
		{78CC9347-E933-4709-95BB-254241283DAC}.Debug|Any CPU.Build.0 = Debug|Any CPU
		{78CC9347-E933-4709-95BB-254241283DAC}.Release|Any CPU.ActiveCfg = Release|Any CPU
		{78CC9347-E933-4709-95BB-254241283DAC}.Release|Any CPU.Build.0 = Release|Any CPU
		{541E3B24-63CD-47BF-8698-46AF1865D6C3}.Debug|Any CPU.ActiveCfg = Debug|Any CPU
		{541E3B24-63CD-47BF-8698-46AF1865D6C3}.Debug|Any CPU.Build.0 = Debug|Any CPU
		{541E3B24-63CD-47BF-8698-46AF1865D6C3}.Release|Any CPU.ActiveCfg = Release|Any CPU
		{541E3B24-63CD-47BF-8698-46AF1865D6C3}.Release|Any CPU.Build.0 = Release|Any CPU
		{7D7A7C4F-D9E3-4EB3-9269-4EA40F8374CB}.Debug|Any CPU.ActiveCfg = Debug|Any CPU
		{7D7A7C4F-D9E3-4EB3-9269-4EA40F8374CB}.Debug|Any CPU.Build.0 = Debug|Any CPU
		{7D7A7C4F-D9E3-4EB3-9269-4EA40F8374CB}.Release|Any CPU.ActiveCfg = Release|Any CPU
		{7D7A7C4F-D9E3-4EB3-9269-4EA40F8374CB}.Release|Any CPU.Build.0 = Release|Any CPU
		{48CDC509-DD7C-4433-AF97-C5F250CF3B22}.Debug|Any CPU.ActiveCfg = Debug|Any CPU
		{48CDC509-DD7C-4433-AF97-C5F250CF3B22}.Debug|Any CPU.Build.0 = Debug|Any CPU
		{48CDC509-DD7C-4433-AF97-C5F250CF3B22}.Release|Any CPU.ActiveCfg = Release|Any CPU
		{48CDC509-DD7C-4433-AF97-C5F250CF3B22}.Release|Any CPU.Build.0 = Release|Any CPU
		{B4EE1C2F-EE94-407B-97CC-ADB7E9083AC7}.Debug|Any CPU.ActiveCfg = Debug|Any CPU
		{B4EE1C2F-EE94-407B-97CC-ADB7E9083AC7}.Debug|Any CPU.Build.0 = Debug|Any CPU
		{B4EE1C2F-EE94-407B-97CC-ADB7E9083AC7}.Release|Any CPU.ActiveCfg = Release|Any CPU
		{B4EE1C2F-EE94-407B-97CC-ADB7E9083AC7}.Release|Any CPU.Build.0 = Release|Any CPU
		{2524C7B2-9034-4967-A515-0B01CA313297}.Debug|Any CPU.ActiveCfg = Debug|Any CPU
		{2524C7B2-9034-4967-A515-0B01CA313297}.Debug|Any CPU.Build.0 = Debug|Any CPU
		{2524C7B2-9034-4967-A515-0B01CA313297}.Release|Any CPU.ActiveCfg = Release|Any CPU
		{2524C7B2-9034-4967-A515-0B01CA313297}.Release|Any CPU.Build.0 = Release|Any CPU
		{90EA8BD1-28C4-4A55-9739-59C1B41CE248}.Debug|Any CPU.ActiveCfg = Debug|Any CPU
		{90EA8BD1-28C4-4A55-9739-59C1B41CE248}.Debug|Any CPU.Build.0 = Debug|Any CPU
		{90EA8BD1-28C4-4A55-9739-59C1B41CE248}.Release|Any CPU.ActiveCfg = Release|Any CPU
		{90EA8BD1-28C4-4A55-9739-59C1B41CE248}.Release|Any CPU.Build.0 = Release|Any CPU
		{275EFB4D-6312-441E-BD9B-7F1E91CCFEA1}.Debug|Any CPU.ActiveCfg = Debug|Any CPU
		{275EFB4D-6312-441E-BD9B-7F1E91CCFEA1}.Debug|Any CPU.Build.0 = Debug|Any CPU
		{275EFB4D-6312-441E-BD9B-7F1E91CCFEA1}.Release|Any CPU.ActiveCfg = Release|Any CPU
		{275EFB4D-6312-441E-BD9B-7F1E91CCFEA1}.Release|Any CPU.Build.0 = Release|Any CPU
		{5AC40573-9973-415E-BB23-106C75027162}.Debug|Any CPU.ActiveCfg = Debug|Any CPU
		{5AC40573-9973-415E-BB23-106C75027162}.Debug|Any CPU.Build.0 = Debug|Any CPU
		{5AC40573-9973-415E-BB23-106C75027162}.Release|Any CPU.ActiveCfg = Release|Any CPU
		{5AC40573-9973-415E-BB23-106C75027162}.Release|Any CPU.Build.0 = Release|Any CPU
		{BC8A0845-757A-40AB-B682-2D3F4E629192}.Debug|Any CPU.ActiveCfg = Debug|Any CPU
		{BC8A0845-757A-40AB-B682-2D3F4E629192}.Debug|Any CPU.Build.0 = Debug|Any CPU
		{BC8A0845-757A-40AB-B682-2D3F4E629192}.Release|Any CPU.ActiveCfg = Release|Any CPU
		{BC8A0845-757A-40AB-B682-2D3F4E629192}.Release|Any CPU.Build.0 = Release|Any CPU
		{EC01F345-A013-435F-BDC5-30FFC9F114B7}.Debug|Any CPU.ActiveCfg = Debug|Any CPU
		{EC01F345-A013-435F-BDC5-30FFC9F114B7}.Debug|Any CPU.Build.0 = Debug|Any CPU
		{EC01F345-A013-435F-BDC5-30FFC9F114B7}.Release|Any CPU.ActiveCfg = Release|Any CPU
		{EC01F345-A013-435F-BDC5-30FFC9F114B7}.Release|Any CPU.Build.0 = Release|Any CPU
		{F35087F9-B76A-4DC6-B9B6-877C2FF51BCB}.Debug|Any CPU.ActiveCfg = Debug|Any CPU
		{F35087F9-B76A-4DC6-B9B6-877C2FF51BCB}.Debug|Any CPU.Build.0 = Debug|Any CPU
		{F35087F9-B76A-4DC6-B9B6-877C2FF51BCB}.Release|Any CPU.ActiveCfg = Release|Any CPU
		{F35087F9-B76A-4DC6-B9B6-877C2FF51BCB}.Release|Any CPU.Build.0 = Release|Any CPU
		{5E752E5F-4968-4A64-8AF7-7C5C974DC5BE}.Debug|Any CPU.ActiveCfg = Debug|Any CPU
		{5E752E5F-4968-4A64-8AF7-7C5C974DC5BE}.Debug|Any CPU.Build.0 = Debug|Any CPU
		{5E752E5F-4968-4A64-8AF7-7C5C974DC5BE}.Release|Any CPU.ActiveCfg = Release|Any CPU
		{5E752E5F-4968-4A64-8AF7-7C5C974DC5BE}.Release|Any CPU.Build.0 = Release|Any CPU
		{A101F072-BB1A-4C99-BDE3-66ED95D190FE}.Debug|Any CPU.ActiveCfg = Debug|Any CPU
		{A101F072-BB1A-4C99-BDE3-66ED95D190FE}.Debug|Any CPU.Build.0 = Debug|Any CPU
		{A101F072-BB1A-4C99-BDE3-66ED95D190FE}.Release|Any CPU.ActiveCfg = Release|Any CPU
		{A101F072-BB1A-4C99-BDE3-66ED95D190FE}.Release|Any CPU.Build.0 = Release|Any CPU
		{A17FF279-64AF-4535-A879-9C68BA63ABEB}.Debug|Any CPU.ActiveCfg = Debug|Any CPU
		{A17FF279-64AF-4535-A879-9C68BA63ABEB}.Debug|Any CPU.Build.0 = Debug|Any CPU
		{A17FF279-64AF-4535-A879-9C68BA63ABEB}.Release|Any CPU.ActiveCfg = Release|Any CPU
		{A17FF279-64AF-4535-A879-9C68BA63ABEB}.Release|Any CPU.Build.0 = Release|Any CPU
		{9D85BDAF-57C6-4B68-A392-02F529D5323A}.Debug|Any CPU.ActiveCfg = Debug|Any CPU
		{9D85BDAF-57C6-4B68-A392-02F529D5323A}.Debug|Any CPU.Build.0 = Debug|Any CPU
		{9D85BDAF-57C6-4B68-A392-02F529D5323A}.Release|Any CPU.ActiveCfg = Release|Any CPU
		{9D85BDAF-57C6-4B68-A392-02F529D5323A}.Release|Any CPU.Build.0 = Release|Any CPU
		{3934B6E6-C2B2-4D4E-97F5-F2D23FF540A8}.Debug|Any CPU.ActiveCfg = Debug|Any CPU
		{3934B6E6-C2B2-4D4E-97F5-F2D23FF540A8}.Debug|Any CPU.Build.0 = Debug|Any CPU
		{3934B6E6-C2B2-4D4E-97F5-F2D23FF540A8}.Release|Any CPU.ActiveCfg = Release|Any CPU
		{3934B6E6-C2B2-4D4E-97F5-F2D23FF540A8}.Release|Any CPU.Build.0 = Release|Any CPU
		{5F174C99-F5C7-47E4-9419-EA4C98F6E8F8}.Debug|Any CPU.ActiveCfg = Debug|Any CPU
		{5F174C99-F5C7-47E4-9419-EA4C98F6E8F8}.Debug|Any CPU.Build.0 = Debug|Any CPU
		{5F174C99-F5C7-47E4-9419-EA4C98F6E8F8}.Release|Any CPU.ActiveCfg = Release|Any CPU
		{5F174C99-F5C7-47E4-9419-EA4C98F6E8F8}.Release|Any CPU.Build.0 = Release|Any CPU
		{59F693AB-A0EA-4BEB-AD0F-5E582773A284}.Debug|Any CPU.ActiveCfg = Debug|Any CPU
		{59F693AB-A0EA-4BEB-AD0F-5E582773A284}.Debug|Any CPU.Build.0 = Debug|Any CPU
		{59F693AB-A0EA-4BEB-AD0F-5E582773A284}.Release|Any CPU.ActiveCfg = Release|Any CPU
		{59F693AB-A0EA-4BEB-AD0F-5E582773A284}.Release|Any CPU.Build.0 = Release|Any CPU
		{C162714A-84DD-411C-8DE8-BAC78AFBAD2C}.Debug|Any CPU.ActiveCfg = Debug|Any CPU
		{C162714A-84DD-411C-8DE8-BAC78AFBAD2C}.Debug|Any CPU.Build.0 = Debug|Any CPU
		{C162714A-84DD-411C-8DE8-BAC78AFBAD2C}.Release|Any CPU.ActiveCfg = Release|Any CPU
		{C162714A-84DD-411C-8DE8-BAC78AFBAD2C}.Release|Any CPU.Build.0 = Release|Any CPU
		{E5288FE0-4F1E-44E5-8007-A8CA8D6A5E8B}.Debug|Any CPU.ActiveCfg = Debug|Any CPU
		{E5288FE0-4F1E-44E5-8007-A8CA8D6A5E8B}.Debug|Any CPU.Build.0 = Debug|Any CPU
		{E5288FE0-4F1E-44E5-8007-A8CA8D6A5E8B}.Release|Any CPU.ActiveCfg = Release|Any CPU
		{E5288FE0-4F1E-44E5-8007-A8CA8D6A5E8B}.Release|Any CPU.Build.0 = Release|Any CPU
		{F52D335D-8A6B-46CC-B1D6-4E1E75338748}.Debug|Any CPU.ActiveCfg = Debug|Any CPU
		{F52D335D-8A6B-46CC-B1D6-4E1E75338748}.Debug|Any CPU.Build.0 = Debug|Any CPU
		{F52D335D-8A6B-46CC-B1D6-4E1E75338748}.Release|Any CPU.ActiveCfg = Release|Any CPU
		{F52D335D-8A6B-46CC-B1D6-4E1E75338748}.Release|Any CPU.Build.0 = Release|Any CPU
		{0914B00A-02A4-4B38-AD24-A8E6F8AA6E29}.Debug|Any CPU.ActiveCfg = Debug|Any CPU
		{0914B00A-02A4-4B38-AD24-A8E6F8AA6E29}.Debug|Any CPU.Build.0 = Debug|Any CPU
		{0914B00A-02A4-4B38-AD24-A8E6F8AA6E29}.Release|Any CPU.ActiveCfg = Release|Any CPU
		{0914B00A-02A4-4B38-AD24-A8E6F8AA6E29}.Release|Any CPU.Build.0 = Release|Any CPU
		{030A045D-2518-4681-8ECB-E98F53243B1F}.Debug|Any CPU.ActiveCfg = Debug|Any CPU
		{030A045D-2518-4681-8ECB-E98F53243B1F}.Debug|Any CPU.Build.0 = Debug|Any CPU
		{030A045D-2518-4681-8ECB-E98F53243B1F}.Release|Any CPU.ActiveCfg = Release|Any CPU
		{030A045D-2518-4681-8ECB-E98F53243B1F}.Release|Any CPU.Build.0 = Release|Any CPU
		{E8A10B68-E302-4B90-A9CF-19C0588D2A33}.Debug|Any CPU.ActiveCfg = Debug|Any CPU
		{E8A10B68-E302-4B90-A9CF-19C0588D2A33}.Debug|Any CPU.Build.0 = Debug|Any CPU
		{E8A10B68-E302-4B90-A9CF-19C0588D2A33}.Release|Any CPU.ActiveCfg = Release|Any CPU
		{E8A10B68-E302-4B90-A9CF-19C0588D2A33}.Release|Any CPU.Build.0 = Release|Any CPU
		{77AB69A6-62DC-47CA-9E02-371BF543CE0A}.Debug|Any CPU.ActiveCfg = Debug|Any CPU
		{77AB69A6-62DC-47CA-9E02-371BF543CE0A}.Debug|Any CPU.Build.0 = Debug|Any CPU
		{77AB69A6-62DC-47CA-9E02-371BF543CE0A}.Release|Any CPU.ActiveCfg = Release|Any CPU
		{77AB69A6-62DC-47CA-9E02-371BF543CE0A}.Release|Any CPU.Build.0 = Release|Any CPU
		{096837FE-6E7E-46E7-9F0F-0902DB9A96D5}.Debug|Any CPU.ActiveCfg = Debug|Any CPU
		{096837FE-6E7E-46E7-9F0F-0902DB9A96D5}.Debug|Any CPU.Build.0 = Debug|Any CPU
		{096837FE-6E7E-46E7-9F0F-0902DB9A96D5}.Release|Any CPU.ActiveCfg = Release|Any CPU
		{096837FE-6E7E-46E7-9F0F-0902DB9A96D5}.Release|Any CPU.Build.0 = Release|Any CPU
	EndGlobalSection
	GlobalSection(SolutionProperties) = preSolution
		HideSolutionNode = FALSE
	EndGlobalSection
	GlobalSection(ExtensibilityGlobals) = postSolution
		SolutionGuid = {507D8066-54BC-4A0E-8F75-6FE6EE63BBC9}
	EndGlobalSection
EndGlobal
